// !$*UTF8*$!
{
	archiveVersion = 1;
	classes = {
	};
	objectVersion = 56;
	objects = {

/* Begin PBXBuildFile section */
		F655E2BB2A49C2A100C7C25A /* MenuHeaderView.swift in Sources */ = {isa = PBXBuildFile; fileRef = F655E2BA2A49C2A100C7C25A /* MenuHeaderView.swift */; };
		F655E2BD2A49C36300C7C25A /* MenuCellType.swift in Sources */ = {isa = PBXBuildFile; fileRef = F655E2BC2A49C36300C7C25A /* MenuCellType.swift */; };
		F655E2BF2A49C38A00C7C25A /* MenuModel.swift in Sources */ = {isa = PBXBuildFile; fileRef = F655E2BE2A49C38A00C7C25A /* MenuModel.swift */; };
		F659EFCC2A5FFE0C00ECE98A /* IHProgressHUD in Frameworks */ = {isa = PBXBuildFile; productRef = F659EFCB2A5FFE0C00ECE98A /* IHProgressHUD */; };
		F659EFCF2A60024400ECE98A /* Main-ipad.storyboard in Resources */ = {isa = PBXBuildFile; fileRef = F659EFCE2A60024400ECE98A /* Main-ipad.storyboard */; };
		F659EFD12A60079D00ECE98A /* MessageInfoCell-iPad.xib in Resources */ = {isa = PBXBuildFile; fileRef = F659EFD02A60079D00ECE98A /* MessageInfoCell-iPad.xib */; };
		F659EFD32A6007AB00ECE98A /* MainMessageCell-iPad.xib in Resources */ = {isa = PBXBuildFile; fileRef = F659EFD22A6007AB00ECE98A /* MainMessageCell-iPad.xib */; };
		F659EFD82A600C5B00ECE98A /* StoryboardFabric.swift in Sources */ = {isa = PBXBuildFile; fileRef = F659EFD72A600C5B00ECE98A /* StoryboardFabric.swift */; };
		F65CE1412A497B05003E4E3F /* TextField.swift in Sources */ = {isa = PBXBuildFile; fileRef = F65CE1402A497B05003E4E3F /* TextField.swift */; };
		F65CE1432A49C11B003E4E3F /* MenuHeaderView.xib in Resources */ = {isa = PBXBuildFile; fileRef = F65CE1422A49C11B003E4E3F /* MenuHeaderView.xib */; };
		F6800C4C2A4974E7001FB2E5 /* AskQuestionViewController.swift in Sources */ = {isa = PBXBuildFile; fileRef = F6800C4B2A4974E7001FB2E5 /* AskQuestionViewController.swift */; };
		F6800C542A497A09001FB2E5 /* Montserrat-Light.ttf in Resources */ = {isa = PBXBuildFile; fileRef = F6800C502A497628001FB2E5 /* Montserrat-Light.ttf */; };
		F6800C552A497A0E001FB2E5 /* Montserrat-Medium.ttf in Resources */ = {isa = PBXBuildFile; fileRef = F6800C4E2A497628001FB2E5 /* Montserrat-Medium.ttf */; };
		F6800C562A497A0E001FB2E5 /* Montserrat-Regular.ttf in Resources */ = {isa = PBXBuildFile; fileRef = F6800C4F2A497628001FB2E5 /* Montserrat-Regular.ttf */; };
		F6800C572A497A0E001FB2E5 /* Montserrat-SemiBold.ttf in Resources */ = {isa = PBXBuildFile; fileRef = F6800C512A497628001FB2E5 /* Montserrat-SemiBold.ttf */; };
		F6800C582A497A0E001FB2E5 /* Montserrat-Bold.ttf in Resources */ = {isa = PBXBuildFile; fileRef = F6800C532A497628001FB2E5 /* Montserrat-Bold.ttf */; };
		F6800C592A497A0E001FB2E5 /* Montserrat-ExtraLight.ttf in Resources */ = {isa = PBXBuildFile; fileRef = F6800C522A497628001FB2E5 /* Montserrat-ExtraLight.ttf */; };
		F685E6FE2A5576B100C7F457 /* MessageInfoCell.swift in Sources */ = {isa = PBXBuildFile; fileRef = F685E6FD2A5576B100C7F457 /* MessageInfoCell.swift */; };
		F685E7012A5576C900C7F457 /* MessageInfoCell.xib in Resources */ = {isa = PBXBuildFile; fileRef = F685E7002A5576C800C7F457 /* MessageInfoCell.xib */; };
		F685E7062A557E0300C7F457 /* MainMessageCell.swift in Sources */ = {isa = PBXBuildFile; fileRef = F685E7052A557E0300C7F457 /* MainMessageCell.swift */; };
		F685E7082A557E1000C7F457 /* MainMessageCell.xib in Resources */ = {isa = PBXBuildFile; fileRef = F685E7072A557E1000C7F457 /* MainMessageCell.xib */; };
		F685E70A2A55899500C7F457 /* MessagesCellType.swift in Sources */ = {isa = PBXBuildFile; fileRef = F685E7092A55899500C7F457 /* MessagesCellType.swift */; };
		F685E7102A558BA700C7F457 /* AlertMessagesModel.swift in Sources */ = {isa = PBXBuildFile; fileRef = F685E70F2A558BA700C7F457 /* AlertMessagesModel.swift */; };
		F685E7122A558BCD00C7F457 /* MessagesModel.swift in Sources */ = {isa = PBXBuildFile; fileRef = F685E7112A558BCD00C7F457 /* MessagesModel.swift */; };
		F685E7142A559D8500C7F457 /* TextViewMessage.swift in Sources */ = {isa = PBXBuildFile; fileRef = F685E7132A559D8500C7F457 /* TextViewMessage.swift */; };
		F685E7172A55F5D700C7F457 /* Archive.storyboard in Resources */ = {isa = PBXBuildFile; fileRef = F685E7162A55F5D700C7F457 /* Archive.storyboard */; };
		F685E7192A55F74E00C7F457 /* ArchiveViewController.swift in Sources */ = {isa = PBXBuildFile; fileRef = F685E7182A55F74E00C7F457 /* ArchiveViewController.swift */; };
		F685E71F2A55F7B200C7F457 /* ArchiveMessagesCell.swift in Sources */ = {isa = PBXBuildFile; fileRef = F685E71E2A55F7B200C7F457 /* ArchiveMessagesCell.swift */; };
		F685E7212A55FAE800C7F457 /* InformationMessagesCell.xib in Resources */ = {isa = PBXBuildFile; fileRef = F685E7202A55FAE800C7F457 /* InformationMessagesCell.xib */; };
		F685E7232A55FAFB00C7F457 /* InformationMessagesCell.swift in Sources */ = {isa = PBXBuildFile; fileRef = F685E7222A55FAFB00C7F457 /* InformationMessagesCell.swift */; };
		F685E7272A55FDD900C7F457 /* ArchiveCellType.swift in Sources */ = {isa = PBXBuildFile; fileRef = F685E7262A55FDD900C7F457 /* ArchiveCellType.swift */; };
		F685E72A2A55FE7400C7F457 /* ArchiveModel.swift in Sources */ = {isa = PBXBuildFile; fileRef = F685E7292A55FE7400C7F457 /* ArchiveModel.swift */; };
		F685E72C2A55FEC000C7F457 /* InformationMessageModel.swift in Sources */ = {isa = PBXBuildFile; fileRef = F685E72B2A55FEC000C7F457 /* InformationMessageModel.swift */; };
		F685E72E2A55FF1600C7F457 /* MessageModel.swift in Sources */ = {isa = PBXBuildFile; fileRef = F685E72D2A55FF1600C7F457 /* MessageModel.swift */; };
		F685E7362A5889C800C7F457 /* TextFieldModel.swift in Sources */ = {isa = PBXBuildFile; fileRef = F685E7352A5889C800C7F457 /* TextFieldModel.swift */; };
		F6ABCE822A46E3DA00ECFE16 /* DrawerMenuViewController.swift in Sources */ = {isa = PBXBuildFile; fileRef = F6ABCE812A46E3DA00ECFE16 /* DrawerMenuViewController.swift */; };
		F6ABCE842A46E42800ECFE16 /* DrawerTransitionManager.swift in Sources */ = {isa = PBXBuildFile; fileRef = F6ABCE832A46E42800ECFE16 /* DrawerTransitionManager.swift */; };
		F6ABCE872A46E47D00ECFE16 /* DrawerSlideAnimation.swift in Sources */ = {isa = PBXBuildFile; fileRef = F6ABCE862A46E47D00ECFE16 /* DrawerSlideAnimation.swift */; };
		F6ABCE8A2A46E4AC00ECFE16 /* DrawerPresentationController.swift in Sources */ = {isa = PBXBuildFile; fileRef = F6ABCE892A46E4AC00ECFE16 /* DrawerPresentationController.swift */; };
		F6ABCE8C2A48655B00ECFE16 /* SettingsViewController.swift in Sources */ = {isa = PBXBuildFile; fileRef = F6ABCE8B2A48655B00ECFE16 /* SettingsViewController.swift */; };
		F6ABCE902A486F0400ECFE16 /* CustomFieldCell.xib in Resources */ = {isa = PBXBuildFile; fileRef = F6ABCE8F2A486F0400ECFE16 /* CustomFieldCell.xib */; };
		F6ABCE922A486F1100ECFE16 /* SwitcherCell.xib in Resources */ = {isa = PBXBuildFile; fileRef = F6ABCE912A486F1100ECFE16 /* SwitcherCell.xib */; };
		F6ABCE942A486F2A00ECFE16 /* SwitcherCell.swift in Sources */ = {isa = PBXBuildFile; fileRef = F6ABCE932A486F2A00ECFE16 /* SwitcherCell.swift */; };
		F6ABCE962A486F3A00ECFE16 /* CustomFieldCell.swift in Sources */ = {isa = PBXBuildFile; fileRef = F6ABCE952A486F3A00ECFE16 /* CustomFieldCell.swift */; };
		F6ABCE9C2A48710A00ECFE16 /* SettingsHeaderView.xib in Resources */ = {isa = PBXBuildFile; fileRef = F6ABCE9B2A48710A00ECFE16 /* SettingsHeaderView.xib */; };
		F6ABCEA02A48719400ECFE16 /* SettingsHeaderView.swift in Sources */ = {isa = PBXBuildFile; fileRef = F6ABCE9F2A48719400ECFE16 /* SettingsHeaderView.swift */; };
		F6ABCEA22A48724200ECFE16 /* SectionModel.swift in Sources */ = {isa = PBXBuildFile; fileRef = F6ABCEA12A48724200ECFE16 /* SectionModel.swift */; };
		F6ABCEA52A48727C00ECFE16 /* SettingsCellType.swift in Sources */ = {isa = PBXBuildFile; fileRef = F6ABCEA42A48727C00ECFE16 /* SettingsCellType.swift */; };
		F6ABCEA72A48735600ECFE16 /* SwitcherModel.swift in Sources */ = {isa = PBXBuildFile; fileRef = F6ABCEA62A48735600ECFE16 /* SwitcherModel.swift */; };
		F6CEEE972A53110F00B2E1EE /* SelectionViewController.swift in Sources */ = {isa = PBXBuildFile; fileRef = F6CEEE962A53110F00B2E1EE /* SelectionViewController.swift */; };
		F6CEEE992A53118900B2E1EE /* SelectionModel.swift in Sources */ = {isa = PBXBuildFile; fileRef = F6CEEE982A53118900B2E1EE /* SelectionModel.swift */; };
		F6CEEE9C2A53216400B2E1EE /* TypeModel.swift in Sources */ = {isa = PBXBuildFile; fileRef = F6CEEE9B2A53216400B2E1EE /* TypeModel.swift */; };
		F6CEEE9E2A53217600B2E1EE /* LanguageModel.swift in Sources */ = {isa = PBXBuildFile; fileRef = F6CEEE9D2A53217600B2E1EE /* LanguageModel.swift */; };
		F6DE8D9C2A45C7BA0026E1E5 /* AppDelegate.swift in Sources */ = {isa = PBXBuildFile; fileRef = F6DE8D9B2A45C7BA0026E1E5 /* AppDelegate.swift */; };
		F6DE8D9E2A45C7BA0026E1E5 /* SceneDelegate.swift in Sources */ = {isa = PBXBuildFile; fileRef = F6DE8D9D2A45C7BA0026E1E5 /* SceneDelegate.swift */; };
		F6DE8DA02A45C7BA0026E1E5 /* MainViewController.swift in Sources */ = {isa = PBXBuildFile; fileRef = F6DE8D9F2A45C7BA0026E1E5 /* MainViewController.swift */; };
		F6DE8DA32A45C7BA0026E1E5 /* Main.storyboard in Resources */ = {isa = PBXBuildFile; fileRef = F6DE8DA12A45C7BA0026E1E5 /* Main.storyboard */; };
		F6DE8DA52A45C7BB0026E1E5 /* Assets.xcassets in Resources */ = {isa = PBXBuildFile; fileRef = F6DE8DA42A45C7BB0026E1E5 /* Assets.xcassets */; };
		F6DE8DA82A45C7BB0026E1E5 /* LaunchScreen.storyboard in Resources */ = {isa = PBXBuildFile; fileRef = F6DE8DA62A45C7BB0026E1E5 /* LaunchScreen.storyboard */; };
		F6DE8DB32A45C7BB0026E1E5 /* EventAppTests.swift in Sources */ = {isa = PBXBuildFile; fileRef = F6DE8DB22A45C7BB0026E1E5 /* EventAppTests.swift */; };
		F6DE8DBD2A45C7BB0026E1E5 /* EventAppUITests.swift in Sources */ = {isa = PBXBuildFile; fileRef = F6DE8DBC2A45C7BB0026E1E5 /* EventAppUITests.swift */; };
		F6DE8DBF2A45C7BB0026E1E5 /* EventAppUITestsLaunchTests.swift in Sources */ = {isa = PBXBuildFile; fileRef = F6DE8DBE2A45C7BB0026E1E5 /* EventAppUITestsLaunchTests.swift */; };
		F6E5827D2A45D9720041BD38 /* MessagesViewController.swift in Sources */ = {isa = PBXBuildFile; fileRef = F6E5827C2A45D9720041BD38 /* MessagesViewController.swift */; };
		F6F71DAA2A4F2C1500BFAED4 /* MenuCell.xib in Resources */ = {isa = PBXBuildFile; fileRef = F6F71DA92A4F2C1500BFAED4 /* MenuCell.xib */; };
		F6F71DAD2A4F2CE300BFAED4 /* MenuCell.swift in Sources */ = {isa = PBXBuildFile; fileRef = F6F71DAC2A4F2CE300BFAED4 /* MenuCell.swift */; };
		F6F71DB12A530EF400BFAED4 /* SelectionCell.xib in Resources */ = {isa = PBXBuildFile; fileRef = F6F71DB02A530EF400BFAED4 /* SelectionCell.xib */; };
		F6F71DB32A530FAD00BFAED4 /* SelectionCell.swift in Sources */ = {isa = PBXBuildFile; fileRef = F6F71DB22A530FAD00BFAED4 /* SelectionCell.swift */; };
/* End PBXBuildFile section */

/* Begin PBXContainerItemProxy section */
		F6DE8DAF2A45C7BB0026E1E5 /* PBXContainerItemProxy */ = {
			isa = PBXContainerItemProxy;
			containerPortal = F6DE8D902A45C7BA0026E1E5 /* Project object */;
			proxyType = 1;
			remoteGlobalIDString = F6DE8D972A45C7BA0026E1E5;
			remoteInfo = EventApp;
		};
		F6DE8DB92A45C7BB0026E1E5 /* PBXContainerItemProxy */ = {
			isa = PBXContainerItemProxy;
			containerPortal = F6DE8D902A45C7BA0026E1E5 /* Project object */;
			proxyType = 1;
			remoteGlobalIDString = F6DE8D972A45C7BA0026E1E5;
			remoteInfo = EventApp;
		};
/* End PBXContainerItemProxy section */

/* Begin PBXFileReference section */
		F655E2BA2A49C2A100C7C25A /* MenuHeaderView.swift */ = {isa = PBXFileReference; lastKnownFileType = sourcecode.swift; path = MenuHeaderView.swift; sourceTree = "<group>"; };
		F655E2BC2A49C36300C7C25A /* MenuCellType.swift */ = {isa = PBXFileReference; lastKnownFileType = sourcecode.swift; path = MenuCellType.swift; sourceTree = "<group>"; };
		F655E2BE2A49C38A00C7C25A /* MenuModel.swift */ = {isa = PBXFileReference; lastKnownFileType = sourcecode.swift; path = MenuModel.swift; sourceTree = "<group>"; };
		F659EFCE2A60024400ECE98A /* Main-ipad.storyboard */ = {isa = PBXFileReference; lastKnownFileType = file.storyboard; path = "Main-ipad.storyboard"; sourceTree = "<group>"; };
		F659EFD02A60079D00ECE98A /* MessageInfoCell-iPad.xib */ = {isa = PBXFileReference; lastKnownFileType = file.xib; path = "MessageInfoCell-iPad.xib"; sourceTree = "<group>"; };
		F659EFD22A6007AB00ECE98A /* MainMessageCell-iPad.xib */ = {isa = PBXFileReference; lastKnownFileType = file.xib; path = "MainMessageCell-iPad.xib"; sourceTree = "<group>"; };
		F659EFD72A600C5B00ECE98A /* StoryboardFabric.swift */ = {isa = PBXFileReference; lastKnownFileType = sourcecode.swift; path = StoryboardFabric.swift; sourceTree = "<group>"; };
		F65CE1402A497B05003E4E3F /* TextField.swift */ = {isa = PBXFileReference; lastKnownFileType = sourcecode.swift; path = TextField.swift; sourceTree = "<group>"; };
		F65CE1422A49C11B003E4E3F /* MenuHeaderView.xib */ = {isa = PBXFileReference; lastKnownFileType = file.xib; path = MenuHeaderView.xib; sourceTree = "<group>"; };
		F6800C4B2A4974E7001FB2E5 /* AskQuestionViewController.swift */ = {isa = PBXFileReference; lastKnownFileType = sourcecode.swift; path = AskQuestionViewController.swift; sourceTree = "<group>"; };
		F6800C4E2A497628001FB2E5 /* Montserrat-Medium.ttf */ = {isa = PBXFileReference; lastKnownFileType = file; path = "Montserrat-Medium.ttf"; sourceTree = "<group>"; };
		F6800C4F2A497628001FB2E5 /* Montserrat-Regular.ttf */ = {isa = PBXFileReference; lastKnownFileType = file; path = "Montserrat-Regular.ttf"; sourceTree = "<group>"; };
		F6800C502A497628001FB2E5 /* Montserrat-Light.ttf */ = {isa = PBXFileReference; lastKnownFileType = file; path = "Montserrat-Light.ttf"; sourceTree = "<group>"; };
		F6800C512A497628001FB2E5 /* Montserrat-SemiBold.ttf */ = {isa = PBXFileReference; lastKnownFileType = file; path = "Montserrat-SemiBold.ttf"; sourceTree = "<group>"; };
		F6800C522A497628001FB2E5 /* Montserrat-ExtraLight.ttf */ = {isa = PBXFileReference; lastKnownFileType = file; path = "Montserrat-ExtraLight.ttf"; sourceTree = "<group>"; };
		F6800C532A497628001FB2E5 /* Montserrat-Bold.ttf */ = {isa = PBXFileReference; lastKnownFileType = file; path = "Montserrat-Bold.ttf"; sourceTree = "<group>"; };
		F685E6FD2A5576B100C7F457 /* MessageInfoCell.swift */ = {isa = PBXFileReference; lastKnownFileType = sourcecode.swift; path = MessageInfoCell.swift; sourceTree = "<group>"; };
		F685E7002A5576C800C7F457 /* MessageInfoCell.xib */ = {isa = PBXFileReference; lastKnownFileType = file.xib; path = MessageInfoCell.xib; sourceTree = "<group>"; };
		F685E7052A557E0300C7F457 /* MainMessageCell.swift */ = {isa = PBXFileReference; lastKnownFileType = sourcecode.swift; path = MainMessageCell.swift; sourceTree = "<group>"; };
		F685E7072A557E1000C7F457 /* MainMessageCell.xib */ = {isa = PBXFileReference; lastKnownFileType = file.xib; path = MainMessageCell.xib; sourceTree = "<group>"; };
		F685E7092A55899500C7F457 /* MessagesCellType.swift */ = {isa = PBXFileReference; lastKnownFileType = sourcecode.swift; path = MessagesCellType.swift; sourceTree = "<group>"; };
		F685E70F2A558BA700C7F457 /* AlertMessagesModel.swift */ = {isa = PBXFileReference; lastKnownFileType = sourcecode.swift; path = AlertMessagesModel.swift; sourceTree = "<group>"; };
		F685E7112A558BCD00C7F457 /* MessagesModel.swift */ = {isa = PBXFileReference; lastKnownFileType = sourcecode.swift; path = MessagesModel.swift; sourceTree = "<group>"; };
		F685E7132A559D8500C7F457 /* TextViewMessage.swift */ = {isa = PBXFileReference; lastKnownFileType = sourcecode.swift; path = TextViewMessage.swift; sourceTree = "<group>"; };
		F685E7162A55F5D700C7F457 /* Archive.storyboard */ = {isa = PBXFileReference; lastKnownFileType = file.storyboard; path = Archive.storyboard; sourceTree = "<group>"; };
		F685E7182A55F74E00C7F457 /* ArchiveViewController.swift */ = {isa = PBXFileReference; lastKnownFileType = sourcecode.swift; path = ArchiveViewController.swift; sourceTree = "<group>"; };
		F685E71E2A55F7B200C7F457 /* ArchiveMessagesCell.swift */ = {isa = PBXFileReference; lastKnownFileType = sourcecode.swift; path = ArchiveMessagesCell.swift; sourceTree = "<group>"; };
		F685E7202A55FAE800C7F457 /* InformationMessagesCell.xib */ = {isa = PBXFileReference; lastKnownFileType = file.xib; path = InformationMessagesCell.xib; sourceTree = "<group>"; };
		F685E7222A55FAFB00C7F457 /* InformationMessagesCell.swift */ = {isa = PBXFileReference; lastKnownFileType = sourcecode.swift; path = InformationMessagesCell.swift; sourceTree = "<group>"; };
		F685E7262A55FDD900C7F457 /* ArchiveCellType.swift */ = {isa = PBXFileReference; lastKnownFileType = sourcecode.swift; path = ArchiveCellType.swift; sourceTree = "<group>"; };
		F685E7292A55FE7400C7F457 /* ArchiveModel.swift */ = {isa = PBXFileReference; lastKnownFileType = sourcecode.swift; path = ArchiveModel.swift; sourceTree = "<group>"; };
		F685E72B2A55FEC000C7F457 /* InformationMessageModel.swift */ = {isa = PBXFileReference; lastKnownFileType = sourcecode.swift; path = InformationMessageModel.swift; sourceTree = "<group>"; };
		F685E72D2A55FF1600C7F457 /* MessageModel.swift */ = {isa = PBXFileReference; lastKnownFileType = sourcecode.swift; path = MessageModel.swift; sourceTree = "<group>"; };
		F685E7352A5889C800C7F457 /* TextFieldModel.swift */ = {isa = PBXFileReference; lastKnownFileType = sourcecode.swift; path = TextFieldModel.swift; sourceTree = "<group>"; };
		F6ABCE812A46E3DA00ECFE16 /* DrawerMenuViewController.swift */ = {isa = PBXFileReference; lastKnownFileType = sourcecode.swift; path = DrawerMenuViewController.swift; sourceTree = "<group>"; };
		F6ABCE832A46E42800ECFE16 /* DrawerTransitionManager.swift */ = {isa = PBXFileReference; lastKnownFileType = sourcecode.swift; path = DrawerTransitionManager.swift; sourceTree = "<group>"; };
		F6ABCE862A46E47D00ECFE16 /* DrawerSlideAnimation.swift */ = {isa = PBXFileReference; lastKnownFileType = sourcecode.swift; path = DrawerSlideAnimation.swift; sourceTree = "<group>"; };
		F6ABCE892A46E4AC00ECFE16 /* DrawerPresentationController.swift */ = {isa = PBXFileReference; lastKnownFileType = sourcecode.swift; path = DrawerPresentationController.swift; sourceTree = "<group>"; };
		F6ABCE8B2A48655B00ECFE16 /* SettingsViewController.swift */ = {isa = PBXFileReference; lastKnownFileType = sourcecode.swift; path = SettingsViewController.swift; sourceTree = "<group>"; };
		F6ABCE8F2A486F0400ECFE16 /* CustomFieldCell.xib */ = {isa = PBXFileReference; lastKnownFileType = file.xib; path = CustomFieldCell.xib; sourceTree = "<group>"; };
		F6ABCE912A486F1100ECFE16 /* SwitcherCell.xib */ = {isa = PBXFileReference; lastKnownFileType = file.xib; path = SwitcherCell.xib; sourceTree = "<group>"; };
		F6ABCE932A486F2A00ECFE16 /* SwitcherCell.swift */ = {isa = PBXFileReference; lastKnownFileType = sourcecode.swift; path = SwitcherCell.swift; sourceTree = "<group>"; };
		F6ABCE952A486F3A00ECFE16 /* CustomFieldCell.swift */ = {isa = PBXFileReference; lastKnownFileType = sourcecode.swift; path = CustomFieldCell.swift; sourceTree = "<group>"; };
		F6ABCE9B2A48710A00ECFE16 /* SettingsHeaderView.xib */ = {isa = PBXFileReference; lastKnownFileType = file.xib; path = SettingsHeaderView.xib; sourceTree = "<group>"; };
		F6ABCE9F2A48719400ECFE16 /* SettingsHeaderView.swift */ = {isa = PBXFileReference; lastKnownFileType = sourcecode.swift; path = SettingsHeaderView.swift; sourceTree = "<group>"; };
		F6ABCEA12A48724200ECFE16 /* SectionModel.swift */ = {isa = PBXFileReference; lastKnownFileType = sourcecode.swift; path = SectionModel.swift; sourceTree = "<group>"; };
		F6ABCEA42A48727C00ECFE16 /* SettingsCellType.swift */ = {isa = PBXFileReference; lastKnownFileType = sourcecode.swift; path = SettingsCellType.swift; sourceTree = "<group>"; };
		F6ABCEA62A48735600ECFE16 /* SwitcherModel.swift */ = {isa = PBXFileReference; lastKnownFileType = sourcecode.swift; path = SwitcherModel.swift; sourceTree = "<group>"; };
		F6CEEE962A53110F00B2E1EE /* SelectionViewController.swift */ = {isa = PBXFileReference; lastKnownFileType = sourcecode.swift; path = SelectionViewController.swift; sourceTree = "<group>"; };
		F6CEEE982A53118900B2E1EE /* SelectionModel.swift */ = {isa = PBXFileReference; lastKnownFileType = sourcecode.swift; path = SelectionModel.swift; sourceTree = "<group>"; };
		F6CEEE9B2A53216400B2E1EE /* TypeModel.swift */ = {isa = PBXFileReference; lastKnownFileType = sourcecode.swift; path = TypeModel.swift; sourceTree = "<group>"; };
		F6CEEE9D2A53217600B2E1EE /* LanguageModel.swift */ = {isa = PBXFileReference; lastKnownFileType = sourcecode.swift; path = LanguageModel.swift; sourceTree = "<group>"; };
		F6DE8D982A45C7BA0026E1E5 /* EventApp.app */ = {isa = PBXFileReference; explicitFileType = wrapper.application; includeInIndex = 0; path = EventApp.app; sourceTree = BUILT_PRODUCTS_DIR; };
		F6DE8D9B2A45C7BA0026E1E5 /* AppDelegate.swift */ = {isa = PBXFileReference; lastKnownFileType = sourcecode.swift; path = AppDelegate.swift; sourceTree = "<group>"; };
		F6DE8D9D2A45C7BA0026E1E5 /* SceneDelegate.swift */ = {isa = PBXFileReference; lastKnownFileType = sourcecode.swift; path = SceneDelegate.swift; sourceTree = "<group>"; };
		F6DE8D9F2A45C7BA0026E1E5 /* MainViewController.swift */ = {isa = PBXFileReference; lastKnownFileType = sourcecode.swift; path = MainViewController.swift; sourceTree = "<group>"; };
		F6DE8DA22A45C7BA0026E1E5 /* Base */ = {isa = PBXFileReference; lastKnownFileType = file.storyboard; name = Base; path = Base.lproj/Main.storyboard; sourceTree = "<group>"; };
		F6DE8DA42A45C7BB0026E1E5 /* Assets.xcassets */ = {isa = PBXFileReference; lastKnownFileType = folder.assetcatalog; path = Assets.xcassets; sourceTree = "<group>"; };
		F6DE8DA72A45C7BB0026E1E5 /* Base */ = {isa = PBXFileReference; lastKnownFileType = file.storyboard; name = Base; path = Base.lproj/LaunchScreen.storyboard; sourceTree = "<group>"; };
		F6DE8DA92A45C7BB0026E1E5 /* Info.plist */ = {isa = PBXFileReference; lastKnownFileType = text.plist.xml; path = Info.plist; sourceTree = "<group>"; };
		F6DE8DAE2A45C7BB0026E1E5 /* EventAppTests.xctest */ = {isa = PBXFileReference; explicitFileType = wrapper.cfbundle; includeInIndex = 0; path = EventAppTests.xctest; sourceTree = BUILT_PRODUCTS_DIR; };
		F6DE8DB22A45C7BB0026E1E5 /* EventAppTests.swift */ = {isa = PBXFileReference; lastKnownFileType = sourcecode.swift; path = EventAppTests.swift; sourceTree = "<group>"; };
		F6DE8DB82A45C7BB0026E1E5 /* EventAppUITests.xctest */ = {isa = PBXFileReference; explicitFileType = wrapper.cfbundle; includeInIndex = 0; path = EventAppUITests.xctest; sourceTree = BUILT_PRODUCTS_DIR; };
		F6DE8DBC2A45C7BB0026E1E5 /* EventAppUITests.swift */ = {isa = PBXFileReference; lastKnownFileType = sourcecode.swift; path = EventAppUITests.swift; sourceTree = "<group>"; };
		F6DE8DBE2A45C7BB0026E1E5 /* EventAppUITestsLaunchTests.swift */ = {isa = PBXFileReference; lastKnownFileType = sourcecode.swift; path = EventAppUITestsLaunchTests.swift; sourceTree = "<group>"; };
		F6E5827C2A45D9720041BD38 /* MessagesViewController.swift */ = {isa = PBXFileReference; lastKnownFileType = sourcecode.swift; path = MessagesViewController.swift; sourceTree = "<group>"; };
		F6F71DA92A4F2C1500BFAED4 /* MenuCell.xib */ = {isa = PBXFileReference; lastKnownFileType = file.xib; path = MenuCell.xib; sourceTree = "<group>"; };
		F6F71DAC2A4F2CE300BFAED4 /* MenuCell.swift */ = {isa = PBXFileReference; lastKnownFileType = sourcecode.swift; path = MenuCell.swift; sourceTree = "<group>"; };
		F6F71DB02A530EF400BFAED4 /* SelectionCell.xib */ = {isa = PBXFileReference; lastKnownFileType = file.xib; path = SelectionCell.xib; sourceTree = "<group>"; };
		F6F71DB22A530FAD00BFAED4 /* SelectionCell.swift */ = {isa = PBXFileReference; lastKnownFileType = sourcecode.swift; path = SelectionCell.swift; sourceTree = "<group>"; };
/* End PBXFileReference section */

/* Begin PBXFrameworksBuildPhase section */
		F6DE8D952A45C7BA0026E1E5 /* Frameworks */ = {
			isa = PBXFrameworksBuildPhase;
			buildActionMask = 2147483647;
			files = (
				F659EFCC2A5FFE0C00ECE98A /* IHProgressHUD in Frameworks */,
			);
			runOnlyForDeploymentPostprocessing = 0;
		};
		F6DE8DAB2A45C7BB0026E1E5 /* Frameworks */ = {
			isa = PBXFrameworksBuildPhase;
			buildActionMask = 2147483647;
			files = (
			);
			runOnlyForDeploymentPostprocessing = 0;
		};
		F6DE8DB52A45C7BB0026E1E5 /* Frameworks */ = {
			isa = PBXFrameworksBuildPhase;
			buildActionMask = 2147483647;
			files = (
			);
			runOnlyForDeploymentPostprocessing = 0;
		};
/* End PBXFrameworksBuildPhase section */

/* Begin PBXGroup section */
		F659EFCD2A60023500ECE98A /* Ipad */ = {
			isa = PBXGroup;
			children = (
				F659EFCE2A60024400ECE98A /* Main-ipad.storyboard */,
			);
			path = Ipad;
			sourceTree = "<group>";
		};
		F659EFD42A600C3300ECE98A /* Fabrics */ = {
			isa = PBXGroup;
			children = (
				F659EFD72A600C5B00ECE98A /* StoryboardFabric.swift */,
			);
			path = Fabrics;
			sourceTree = "<group>";
		};
		F65CE13F2A497AF8003E4E3F /* ViewTextField */ = {
			isa = PBXGroup;
			children = (
				F65CE1402A497B05003E4E3F /* TextField.swift */,
			);
			path = ViewTextField;
			sourceTree = "<group>";
		};
		F6800C4D2A497600001FB2E5 /* Fonts */ = {
			isa = PBXGroup;
			children = (
				F6800C532A497628001FB2E5 /* Montserrat-Bold.ttf */,
				F6800C522A497628001FB2E5 /* Montserrat-ExtraLight.ttf */,
				F6800C502A497628001FB2E5 /* Montserrat-Light.ttf */,
				F6800C4E2A497628001FB2E5 /* Montserrat-Medium.ttf */,
				F6800C4F2A497628001FB2E5 /* Montserrat-Regular.ttf */,
				F6800C512A497628001FB2E5 /* Montserrat-SemiBold.ttf */,
			);
			path = Fonts;
			sourceTree = "<group>";
		};
		F685E6FF2A5576B900C7F457 /* Messages */ = {
			isa = PBXGroup;
			children = (
				F685E7002A5576C800C7F457 /* MessageInfoCell.xib */,
				F659EFD02A60079D00ECE98A /* MessageInfoCell-iPad.xib */,
				F685E7072A557E1000C7F457 /* MainMessageCell.xib */,
				F659EFD22A6007AB00ECE98A /* MainMessageCell-iPad.xib */,
			);
			path = Messages;
			sourceTree = "<group>";
		};
		F685E7022A5576D400C7F457 /* Settings */ = {
			isa = PBXGroup;
			children = (
				F6ABCE912A486F1100ECFE16 /* SwitcherCell.xib */,
				F6ABCE8F2A486F0400ECFE16 /* CustomFieldCell.xib */,
			);
			path = Settings;
			sourceTree = "<group>";
		};
		F685E70B2A558AA500C7F457 /* Messages */ = {
			isa = PBXGroup;
			children = (
				F685E7092A55899500C7F457 /* MessagesCellType.swift */,
				F685E70F2A558BA700C7F457 /* AlertMessagesModel.swift */,
				F685E7112A558BCD00C7F457 /* MessagesModel.swift */,
			);
			path = Messages;
			sourceTree = "<group>";
		};
		F685E7152A559D8C00C7F457 /* Views */ = {
			isa = PBXGroup;
			children = (
				F685E7132A559D8500C7F457 /* TextViewMessage.swift */,
			);
			path = Views;
			sourceTree = "<group>";
		};
		F685E71A2A55F78800C7F457 /* Archive */ = {
			isa = PBXGroup;
			children = (
				F685E7202A55FAE800C7F457 /* InformationMessagesCell.xib */,
			);
			path = Archive;
			sourceTree = "<group>";
		};
		F685E71D2A55F7A400C7F457 /* Archive */ = {
			isa = PBXGroup;
			children = (
				F685E71E2A55F7B200C7F457 /* ArchiveMessagesCell.swift */,
				F685E7222A55FAFB00C7F457 /* InformationMessagesCell.swift */,
			);
			path = Archive;
			sourceTree = "<group>";
		};
		F685E7242A55FCA400C7F457 /* Messages */ = {
			isa = PBXGroup;
			children = (
				F685E7052A557E0300C7F457 /* MainMessageCell.swift */,
				F685E6FD2A5576B100C7F457 /* MessageInfoCell.swift */,
			);
			path = Messages;
			sourceTree = "<group>";
		};
		F685E7252A55FDB700C7F457 /* Settings */ = {
			isa = PBXGroup;
			children = (
				F6ABCE932A486F2A00ECFE16 /* SwitcherCell.swift */,
				F6ABCE952A486F3A00ECFE16 /* CustomFieldCell.swift */,
			);
			path = Settings;
			sourceTree = "<group>";
		};
		F685E7282A55FE0400C7F457 /* Archive */ = {
			isa = PBXGroup;
			children = (
				F685E7262A55FDD900C7F457 /* ArchiveCellType.swift */,
				F685E7292A55FE7400C7F457 /* ArchiveModel.swift */,
				F685E72B2A55FEC000C7F457 /* InformationMessageModel.swift */,
				F685E72D2A55FF1600C7F457 /* MessageModel.swift */,
			);
			path = Archive;
			sourceTree = "<group>";
		};
		F685E7302A56060400C7F457 /* Settings */ = {
			isa = PBXGroup;
			children = (
				F6ABCEA42A48727C00ECFE16 /* SettingsCellType.swift */,
			);
			path = Settings;
			sourceTree = "<group>";
		};
		F685E7312A56060D00C7F457 /* DrawerMenu */ = {
			isa = PBXGroup;
			children = (
				F655E2BC2A49C36300C7C25A /* MenuCellType.swift */,
			);
			path = DrawerMenu;
			sourceTree = "<group>";
		};
		F6ABCE7F2A46E3A100ECFE16 /* DrawerMenu */ = {
			isa = PBXGroup;
			children = (
				F6ABCE882A46E49700ECFE16 /* DrawerPresentationController */,
				F6ABCE852A46E46C00ECFE16 /* SlideAnimation */,
				F6ABCE832A46E42800ECFE16 /* DrawerTransitionManager.swift */,
				F6ABCE802A46E3B300ECFE16 /* DrawerMenuController */,
			);
			path = DrawerMenu;
			sourceTree = "<group>";
		};
		F6ABCE802A46E3B300ECFE16 /* DrawerMenuController */ = {
			isa = PBXGroup;
			children = (
				F6ABCE812A46E3DA00ECFE16 /* DrawerMenuViewController.swift */,
			);
			path = DrawerMenuController;
			sourceTree = "<group>";
		};
		F6ABCE852A46E46C00ECFE16 /* SlideAnimation */ = {
			isa = PBXGroup;
			children = (
				F6ABCE862A46E47D00ECFE16 /* DrawerSlideAnimation.swift */,
			);
			path = SlideAnimation;
			sourceTree = "<group>";
		};
		F6ABCE882A46E49700ECFE16 /* DrawerPresentationController */ = {
			isa = PBXGroup;
			children = (
				F6ABCE892A46E4AC00ECFE16 /* DrawerPresentationController.swift */,
			);
			path = DrawerPresentationController;
			sourceTree = "<group>";
		};
		F6ABCE8D2A486EC800ECFE16 /* Cells */ = {
			isa = PBXGroup;
			children = (
				F685E7252A55FDB700C7F457 /* Settings */,
				F685E7242A55FCA400C7F457 /* Messages */,
				F685E71D2A55F7A400C7F457 /* Archive */,
				F6F71DAB2A4F2CD100BFAED4 /* MenuCell */,
				F6F71DB22A530FAD00BFAED4 /* SelectionCell.swift */,
			);
			path = Cells;
			sourceTree = "<group>";
		};
		F6ABCE8E2A486ED700ECFE16 /* Cell */ = {
			isa = PBXGroup;
			children = (
				F685E71A2A55F78800C7F457 /* Archive */,
				F685E7022A5576D400C7F457 /* Settings */,
				F685E6FF2A5576B900C7F457 /* Messages */,
				F6F71DAF2A530EE600BFAED4 /* Selection */,
				F6F71DA82A4F2C0B00BFAED4 /* MenuCell */,
			);
			path = Cell;
			sourceTree = "<group>";
		};
		F6ABCE972A4870A300ECFE16 /* Models */ = {
			isa = PBXGroup;
			children = (
				F6ABCEA32A48727400ECFE16 /* Enums */,
				F6ABCEA12A48724200ECFE16 /* SectionModel.swift */,
				F6ABCEA62A48735600ECFE16 /* SwitcherModel.swift */,
				F685E7352A5889C800C7F457 /* TextFieldModel.swift */,
				F655E2BE2A49C38A00C7C25A /* MenuModel.swift */,
				F6CEEE982A53118900B2E1EE /* SelectionModel.swift */,
				F6CEEE9B2A53216400B2E1EE /* TypeModel.swift */,
				F6CEEE9D2A53217600B2E1EE /* LanguageModel.swift */,
			);
			path = Models;
			sourceTree = "<group>";
		};
		F6ABCE9A2A4870F600ECFE16 /* HeaderFooters */ = {
			isa = PBXGroup;
			children = (
				F6ABCE9B2A48710A00ECFE16 /* SettingsHeaderView.xib */,
				F65CE1422A49C11B003E4E3F /* MenuHeaderView.xib */,
			);
			path = HeaderFooters;
			sourceTree = "<group>";
		};
		F6ABCE9E2A48717100ECFE16 /* Classes */ = {
			isa = PBXGroup;
			children = (
				F659EFD42A600C3300ECE98A /* Fabrics */,
				F685E7152A559D8C00C7F457 /* Views */,
				F6ABCE8D2A486EC800ECFE16 /* Cells */,
				F6ABCE7F2A46E3A100ECFE16 /* DrawerMenu */,
				F6F71DAE2A530E6D00BFAED4 /* Headers */,
				F6DE8DCB2A45C9350026E1E5 /* ViewControllers */,
				F65CE13F2A497AF8003E4E3F /* ViewTextField */,
			);
			path = Classes;
			sourceTree = "<group>";
		};
		F6ABCEA32A48727400ECFE16 /* Enums */ = {
			isa = PBXGroup;
			children = (
				F685E7312A56060D00C7F457 /* DrawerMenu */,
				F685E7302A56060400C7F457 /* Settings */,
				F685E7282A55FE0400C7F457 /* Archive */,
				F685E70B2A558AA500C7F457 /* Messages */,
			);
			path = Enums;
			sourceTree = "<group>";
		};
		F6DE8D8F2A45C7BA0026E1E5 = {
			isa = PBXGroup;
			children = (
				F6DE8D9A2A45C7BA0026E1E5 /* EventApp */,
				F6DE8DB12A45C7BB0026E1E5 /* EventAppTests */,
				F6DE8DBB2A45C7BB0026E1E5 /* EventAppUITests */,
				F6DE8D992A45C7BA0026E1E5 /* Products */,
			);
			sourceTree = "<group>";
		};
		F6DE8D992A45C7BA0026E1E5 /* Products */ = {
			isa = PBXGroup;
			children = (
				F6DE8D982A45C7BA0026E1E5 /* EventApp.app */,
				F6DE8DAE2A45C7BB0026E1E5 /* EventAppTests.xctest */,
				F6DE8DB82A45C7BB0026E1E5 /* EventAppUITests.xctest */,
			);
			name = Products;
			sourceTree = "<group>";
		};
		F6DE8D9A2A45C7BA0026E1E5 /* EventApp */ = {
			isa = PBXGroup;
			children = (
				F6DE8DA92A45C7BB0026E1E5 /* Info.plist */,
				F6ABCE972A4870A300ECFE16 /* Models */,
				F6ABCE9E2A48717100ECFE16 /* Classes */,
				F6DE8DCD2A45C9540026E1E5 /* Resources */,
			);
			path = EventApp;
			sourceTree = "<group>";
		};
		F6DE8DB12A45C7BB0026E1E5 /* EventAppTests */ = {
			isa = PBXGroup;
			children = (
				F6DE8DB22A45C7BB0026E1E5 /* EventAppTests.swift */,
			);
			path = EventAppTests;
			sourceTree = "<group>";
		};
		F6DE8DBB2A45C7BB0026E1E5 /* EventAppUITests */ = {
			isa = PBXGroup;
			children = (
				F6DE8DBC2A45C7BB0026E1E5 /* EventAppUITests.swift */,
				F6DE8DBE2A45C7BB0026E1E5 /* EventAppUITestsLaunchTests.swift */,
			);
			path = EventAppUITests;
			sourceTree = "<group>";
		};
		F6DE8DCB2A45C9350026E1E5 /* ViewControllers */ = {
			isa = PBXGroup;
			children = (
				F6DE8D9F2A45C7BA0026E1E5 /* MainViewController.swift */,
				F6E5827C2A45D9720041BD38 /* MessagesViewController.swift */,
				F6ABCE8B2A48655B00ECFE16 /* SettingsViewController.swift */,
				F6800C4B2A4974E7001FB2E5 /* AskQuestionViewController.swift */,
				F685E7182A55F74E00C7F457 /* ArchiveViewController.swift */,
				F6CEEE962A53110F00B2E1EE /* SelectionViewController.swift */,
			);
			path = ViewControllers;
			sourceTree = "<group>";
		};
		F6DE8DCC2A45C9450026E1E5 /* Storyboards */ = {
			isa = PBXGroup;
			children = (
				F659EFCD2A60023500ECE98A /* Ipad */,
				F6DE8DA12A45C7BA0026E1E5 /* Main.storyboard */,
				F685E7162A55F5D700C7F457 /* Archive.storyboard */,
				F6DE8DA62A45C7BB0026E1E5 /* LaunchScreen.storyboard */,
			);
			path = Storyboards;
			sourceTree = "<group>";
		};
		F6DE8DCD2A45C9540026E1E5 /* Resources */ = {
			isa = PBXGroup;
			children = (
				F6ABCE8E2A486ED700ECFE16 /* Cell */,
				F6DE8DCC2A45C9450026E1E5 /* Storyboards */,
				F6800C4D2A497600001FB2E5 /* Fonts */,
				F6ABCE9A2A4870F600ECFE16 /* HeaderFooters */,
				F6DE8D9B2A45C7BA0026E1E5 /* AppDelegate.swift */,
				F6DE8D9D2A45C7BA0026E1E5 /* SceneDelegate.swift */,
				F6DE8DA42A45C7BB0026E1E5 /* Assets.xcassets */,
			);
			path = Resources;
			sourceTree = "<group>";
		};
		F6F71DA82A4F2C0B00BFAED4 /* MenuCell */ = {
			isa = PBXGroup;
			children = (
				F6F71DA92A4F2C1500BFAED4 /* MenuCell.xib */,
			);
			path = MenuCell;
			sourceTree = "<group>";
		};
		F6F71DAB2A4F2CD100BFAED4 /* MenuCell */ = {
			isa = PBXGroup;
			children = (
				F6F71DAC2A4F2CE300BFAED4 /* MenuCell.swift */,
			);
			path = MenuCell;
			sourceTree = "<group>";
		};
		F6F71DAE2A530E6D00BFAED4 /* Headers */ = {
			isa = PBXGroup;
			children = (
				F6ABCE9F2A48719400ECFE16 /* SettingsHeaderView.swift */,
				F655E2BA2A49C2A100C7C25A /* MenuHeaderView.swift */,
			);
			path = Headers;
			sourceTree = "<group>";
		};
		F6F71DAF2A530EE600BFAED4 /* Selection */ = {
			isa = PBXGroup;
			children = (
				F6F71DB02A530EF400BFAED4 /* SelectionCell.xib */,
			);
			path = Selection;
			sourceTree = "<group>";
		};
/* End PBXGroup section */

/* Begin PBXNativeTarget section */
		F6DE8D972A45C7BA0026E1E5 /* EventApp */ = {
			isa = PBXNativeTarget;
			buildConfigurationList = F6DE8DC22A45C7BB0026E1E5 /* Build configuration list for PBXNativeTarget "EventApp" */;
			buildPhases = (
				F6DE8D942A45C7BA0026E1E5 /* Sources */,
				F6DE8D952A45C7BA0026E1E5 /* Frameworks */,
				F6DE8D962A45C7BA0026E1E5 /* Resources */,
			);
			buildRules = (
			);
			dependencies = (
			);
			name = EventApp;
			packageProductDependencies = (
				F659EFCB2A5FFE0C00ECE98A /* IHProgressHUD */,
			);
			productName = EventApp;
			productReference = F6DE8D982A45C7BA0026E1E5 /* EventApp.app */;
			productType = "com.apple.product-type.application";
		};
		F6DE8DAD2A45C7BB0026E1E5 /* EventAppTests */ = {
			isa = PBXNativeTarget;
			buildConfigurationList = F6DE8DC52A45C7BB0026E1E5 /* Build configuration list for PBXNativeTarget "EventAppTests" */;
			buildPhases = (
				F6DE8DAA2A45C7BB0026E1E5 /* Sources */,
				F6DE8DAB2A45C7BB0026E1E5 /* Frameworks */,
				F6DE8DAC2A45C7BB0026E1E5 /* Resources */,
			);
			buildRules = (
			);
			dependencies = (
				F6DE8DB02A45C7BB0026E1E5 /* PBXTargetDependency */,
			);
			name = EventAppTests;
			productName = EventAppTests;
			productReference = F6DE8DAE2A45C7BB0026E1E5 /* EventAppTests.xctest */;
			productType = "com.apple.product-type.bundle.unit-test";
		};
		F6DE8DB72A45C7BB0026E1E5 /* EventAppUITests */ = {
			isa = PBXNativeTarget;
			buildConfigurationList = F6DE8DC82A45C7BB0026E1E5 /* Build configuration list for PBXNativeTarget "EventAppUITests" */;
			buildPhases = (
				F6DE8DB42A45C7BB0026E1E5 /* Sources */,
				F6DE8DB52A45C7BB0026E1E5 /* Frameworks */,
				F6DE8DB62A45C7BB0026E1E5 /* Resources */,
			);
			buildRules = (
			);
			dependencies = (
				F6DE8DBA2A45C7BB0026E1E5 /* PBXTargetDependency */,
			);
			name = EventAppUITests;
			productName = EventAppUITests;
			productReference = F6DE8DB82A45C7BB0026E1E5 /* EventAppUITests.xctest */;
			productType = "com.apple.product-type.bundle.ui-testing";
		};
/* End PBXNativeTarget section */

/* Begin PBXProject section */
		F6DE8D902A45C7BA0026E1E5 /* Project object */ = {
			isa = PBXProject;
			attributes = {
				BuildIndependentTargetsInParallel = 1;
				LastSwiftUpdateCheck = 1430;
				LastUpgradeCheck = 1430;
				TargetAttributes = {
					F6DE8D972A45C7BA0026E1E5 = {
						CreatedOnToolsVersion = 14.3;
					};
					F6DE8DAD2A45C7BB0026E1E5 = {
						CreatedOnToolsVersion = 14.3;
						TestTargetID = F6DE8D972A45C7BA0026E1E5;
					};
					F6DE8DB72A45C7BB0026E1E5 = {
						CreatedOnToolsVersion = 14.3;
						TestTargetID = F6DE8D972A45C7BA0026E1E5;
					};
				};
			};
			buildConfigurationList = F6DE8D932A45C7BA0026E1E5 /* Build configuration list for PBXProject "EventApp" */;
			compatibilityVersion = "Xcode 14.0";
			developmentRegion = en;
			hasScannedForEncodings = 0;
			knownRegions = (
				en,
				Base,
			);
			mainGroup = F6DE8D8F2A45C7BA0026E1E5;
			packageReferences = (
				F659EFCA2A5FFE0C00ECE98A /* XCRemoteSwiftPackageReference "IHProgressHUD" */,
			);
			productRefGroup = F6DE8D992A45C7BA0026E1E5 /* Products */;
			projectDirPath = "";
			projectRoot = "";
			targets = (
				F6DE8D972A45C7BA0026E1E5 /* EventApp */,
				F6DE8DAD2A45C7BB0026E1E5 /* EventAppTests */,
				F6DE8DB72A45C7BB0026E1E5 /* EventAppUITests */,
			);
		};
/* End PBXProject section */

/* Begin PBXResourcesBuildPhase section */
		F6DE8D962A45C7BA0026E1E5 /* Resources */ = {
			isa = PBXResourcesBuildPhase;
			buildActionMask = 2147483647;
			files = (
				F659EFD32A6007AB00ECE98A /* MainMessageCell-iPad.xib in Resources */,
				F6800C562A497A0E001FB2E5 /* Montserrat-Regular.ttf in Resources */,
				F65CE1432A49C11B003E4E3F /* MenuHeaderView.xib in Resources */,
				F6F71DAA2A4F2C1500BFAED4 /* MenuCell.xib in Resources */,
				F6800C592A497A0E001FB2E5 /* Montserrat-ExtraLight.ttf in Resources */,
				F6F71DB12A530EF400BFAED4 /* SelectionCell.xib in Resources */,
				F685E7012A5576C900C7F457 /* MessageInfoCell.xib in Resources */,
				F685E7082A557E1000C7F457 /* MainMessageCell.xib in Resources */,
				F659EFCF2A60024400ECE98A /* Main-ipad.storyboard in Resources */,
				F6800C542A497A09001FB2E5 /* Montserrat-Light.ttf in Resources */,
				F6DE8DA82A45C7BB0026E1E5 /* LaunchScreen.storyboard in Resources */,
				F685E7172A55F5D700C7F457 /* Archive.storyboard in Resources */,
				F6ABCE922A486F1100ECFE16 /* SwitcherCell.xib in Resources */,
				F6800C572A497A0E001FB2E5 /* Montserrat-SemiBold.ttf in Resources */,
				F6DE8DA52A45C7BB0026E1E5 /* Assets.xcassets in Resources */,
				F6ABCE9C2A48710A00ECFE16 /* SettingsHeaderView.xib in Resources */,
				F6DE8DA32A45C7BA0026E1E5 /* Main.storyboard in Resources */,
				F6800C552A497A0E001FB2E5 /* Montserrat-Medium.ttf in Resources */,
				F659EFD12A60079D00ECE98A /* MessageInfoCell-iPad.xib in Resources */,
				F6800C582A497A0E001FB2E5 /* Montserrat-Bold.ttf in Resources */,
				F685E7212A55FAE800C7F457 /* InformationMessagesCell.xib in Resources */,
				F6ABCE902A486F0400ECFE16 /* CustomFieldCell.xib in Resources */,
			);
			runOnlyForDeploymentPostprocessing = 0;
		};
		F6DE8DAC2A45C7BB0026E1E5 /* Resources */ = {
			isa = PBXResourcesBuildPhase;
			buildActionMask = 2147483647;
			files = (
			);
			runOnlyForDeploymentPostprocessing = 0;
		};
		F6DE8DB62A45C7BB0026E1E5 /* Resources */ = {
			isa = PBXResourcesBuildPhase;
			buildActionMask = 2147483647;
			files = (
			);
			runOnlyForDeploymentPostprocessing = 0;
		};
/* End PBXResourcesBuildPhase section */

/* Begin PBXSourcesBuildPhase section */
		F6DE8D942A45C7BA0026E1E5 /* Sources */ = {
			isa = PBXSourcesBuildPhase;
			buildActionMask = 2147483647;
			files = (
				F685E71F2A55F7B200C7F457 /* ArchiveMessagesCell.swift in Sources */,
				F6800C4C2A4974E7001FB2E5 /* AskQuestionViewController.swift in Sources */,
				F6ABCEA02A48719400ECFE16 /* SettingsHeaderView.swift in Sources */,
				F6ABCEA22A48724200ECFE16 /* SectionModel.swift in Sources */,
				F685E7122A558BCD00C7F457 /* MessagesModel.swift in Sources */,
				F6CEEE972A53110F00B2E1EE /* SelectionViewController.swift in Sources */,
				F6DE8DA02A45C7BA0026E1E5 /* MainViewController.swift in Sources */,
				F6CEEE9E2A53217600B2E1EE /* LanguageModel.swift in Sources */,
				F6ABCE822A46E3DA00ECFE16 /* DrawerMenuViewController.swift in Sources */,
				F685E72A2A55FE7400C7F457 /* ArchiveModel.swift in Sources */,
				F659EFD82A600C5B00ECE98A /* StoryboardFabric.swift in Sources */,
				F6ABCE8A2A46E4AC00ECFE16 /* DrawerPresentationController.swift in Sources */,
				F6CEEE9C2A53216400B2E1EE /* TypeModel.swift in Sources */,
				F65CE1412A497B05003E4E3F /* TextField.swift in Sources */,
				F6DE8D9C2A45C7BA0026E1E5 /* AppDelegate.swift in Sources */,
				F655E2BB2A49C2A100C7C25A /* MenuHeaderView.swift in Sources */,
				F685E7192A55F74E00C7F457 /* ArchiveViewController.swift in Sources */,
				F6ABCE842A46E42800ECFE16 /* DrawerTransitionManager.swift in Sources */,
				F685E7272A55FDD900C7F457 /* ArchiveCellType.swift in Sources */,
				F6E5827D2A45D9720041BD38 /* MessagesViewController.swift in Sources */,
				F685E72E2A55FF1600C7F457 /* MessageModel.swift in Sources */,
				F655E2BD2A49C36300C7C25A /* MenuCellType.swift in Sources */,
				F655E2BF2A49C38A00C7C25A /* MenuModel.swift in Sources */,
				F6ABCE962A486F3A00ECFE16 /* CustomFieldCell.swift in Sources */,
				F685E7062A557E0300C7F457 /* MainMessageCell.swift in Sources */,
				F685E6FE2A5576B100C7F457 /* MessageInfoCell.swift in Sources */,
				F6F71DAD2A4F2CE300BFAED4 /* MenuCell.swift in Sources */,
				F685E7142A559D8500C7F457 /* TextViewMessage.swift in Sources */,
				F6ABCE942A486F2A00ECFE16 /* SwitcherCell.swift in Sources */,
				F6DE8D9E2A45C7BA0026E1E5 /* SceneDelegate.swift in Sources */,
				F6ABCE872A46E47D00ECFE16 /* DrawerSlideAnimation.swift in Sources */,
				F6ABCEA52A48727C00ECFE16 /* SettingsCellType.swift in Sources */,
				F685E72C2A55FEC000C7F457 /* InformationMessageModel.swift in Sources */,
				F685E7102A558BA700C7F457 /* AlertMessagesModel.swift in Sources */,
				F685E7362A5889C800C7F457 /* TextFieldModel.swift in Sources */,
				F685E70A2A55899500C7F457 /* MessagesCellType.swift in Sources */,
				F6ABCEA72A48735600ECFE16 /* SwitcherModel.swift in Sources */,
				F6F71DB32A530FAD00BFAED4 /* SelectionCell.swift in Sources */,
				F6CEEE992A53118900B2E1EE /* SelectionModel.swift in Sources */,
				F6ABCE8C2A48655B00ECFE16 /* SettingsViewController.swift in Sources */,
				F685E7232A55FAFB00C7F457 /* InformationMessagesCell.swift in Sources */,
			);
			runOnlyForDeploymentPostprocessing = 0;
		};
		F6DE8DAA2A45C7BB0026E1E5 /* Sources */ = {
			isa = PBXSourcesBuildPhase;
			buildActionMask = 2147483647;
			files = (
				F6DE8DB32A45C7BB0026E1E5 /* EventAppTests.swift in Sources */,
			);
			runOnlyForDeploymentPostprocessing = 0;
		};
		F6DE8DB42A45C7BB0026E1E5 /* Sources */ = {
			isa = PBXSourcesBuildPhase;
			buildActionMask = 2147483647;
			files = (
				F6DE8DBF2A45C7BB0026E1E5 /* EventAppUITestsLaunchTests.swift in Sources */,
				F6DE8DBD2A45C7BB0026E1E5 /* EventAppUITests.swift in Sources */,
			);
			runOnlyForDeploymentPostprocessing = 0;
		};
/* End PBXSourcesBuildPhase section */

/* Begin PBXTargetDependency section */
		F6DE8DB02A45C7BB0026E1E5 /* PBXTargetDependency */ = {
			isa = PBXTargetDependency;
			target = F6DE8D972A45C7BA0026E1E5 /* EventApp */;
			targetProxy = F6DE8DAF2A45C7BB0026E1E5 /* PBXContainerItemProxy */;
		};
		F6DE8DBA2A45C7BB0026E1E5 /* PBXTargetDependency */ = {
			isa = PBXTargetDependency;
			target = F6DE8D972A45C7BA0026E1E5 /* EventApp */;
			targetProxy = F6DE8DB92A45C7BB0026E1E5 /* PBXContainerItemProxy */;
		};
/* End PBXTargetDependency section */

/* Begin PBXVariantGroup section */
		F6DE8DA12A45C7BA0026E1E5 /* Main.storyboard */ = {
			isa = PBXVariantGroup;
			children = (
				F6DE8DA22A45C7BA0026E1E5 /* Base */,
			);
			name = Main.storyboard;
			sourceTree = "<group>";
		};
		F6DE8DA62A45C7BB0026E1E5 /* LaunchScreen.storyboard */ = {
			isa = PBXVariantGroup;
			children = (
				F6DE8DA72A45C7BB0026E1E5 /* Base */,
			);
			name = LaunchScreen.storyboard;
			sourceTree = "<group>";
		};
/* End PBXVariantGroup section */

/* Begin XCBuildConfiguration section */
		F6DE8DC02A45C7BB0026E1E5 /* Debug */ = {
			isa = XCBuildConfiguration;
			buildSettings = {
				ALWAYS_SEARCH_USER_PATHS = NO;
				CLANG_ANALYZER_NONNULL = YES;
				CLANG_ANALYZER_NUMBER_OBJECT_CONVERSION = YES_AGGRESSIVE;
				CLANG_CXX_LANGUAGE_STANDARD = "gnu++20";
				CLANG_ENABLE_MODULES = YES;
				CLANG_ENABLE_OBJC_ARC = YES;
				CLANG_ENABLE_OBJC_WEAK = YES;
				CLANG_WARN_BLOCK_CAPTURE_AUTORELEASING = YES;
				CLANG_WARN_BOOL_CONVERSION = YES;
				CLANG_WARN_COMMA = YES;
				CLANG_WARN_CONSTANT_CONVERSION = YES;
				CLANG_WARN_DEPRECATED_OBJC_IMPLEMENTATIONS = YES;
				CLANG_WARN_DIRECT_OBJC_ISA_USAGE = YES_ERROR;
				CLANG_WARN_DOCUMENTATION_COMMENTS = YES;
				CLANG_WARN_EMPTY_BODY = YES;
				CLANG_WARN_ENUM_CONVERSION = YES;
				CLANG_WARN_INFINITE_RECURSION = YES;
				CLANG_WARN_INT_CONVERSION = YES;
				CLANG_WARN_NON_LITERAL_NULL_CONVERSION = YES;
				CLANG_WARN_OBJC_IMPLICIT_RETAIN_SELF = YES;
				CLANG_WARN_OBJC_LITERAL_CONVERSION = YES;
				CLANG_WARN_OBJC_ROOT_CLASS = YES_ERROR;
				CLANG_WARN_QUOTED_INCLUDE_IN_FRAMEWORK_HEADER = YES;
				CLANG_WARN_RANGE_LOOP_ANALYSIS = YES;
				CLANG_WARN_STRICT_PROTOTYPES = YES;
				CLANG_WARN_SUSPICIOUS_MOVE = YES;
				CLANG_WARN_UNGUARDED_AVAILABILITY = YES_AGGRESSIVE;
				CLANG_WARN_UNREACHABLE_CODE = YES;
				CLANG_WARN__DUPLICATE_METHOD_MATCH = YES;
				COPY_PHASE_STRIP = NO;
				DEBUG_INFORMATION_FORMAT = dwarf;
				ENABLE_STRICT_OBJC_MSGSEND = YES;
				ENABLE_TESTABILITY = YES;
				GCC_C_LANGUAGE_STANDARD = gnu11;
				GCC_DYNAMIC_NO_PIC = NO;
				GCC_NO_COMMON_BLOCKS = YES;
				GCC_OPTIMIZATION_LEVEL = 0;
				GCC_PREPROCESSOR_DEFINITIONS = (
					"DEBUG=1",
					"$(inherited)",
				);
				GCC_WARN_64_TO_32_BIT_CONVERSION = YES;
				GCC_WARN_ABOUT_RETURN_TYPE = YES_ERROR;
				GCC_WARN_UNDECLARED_SELECTOR = YES;
				GCC_WARN_UNINITIALIZED_AUTOS = YES_AGGRESSIVE;
				GCC_WARN_UNUSED_FUNCTION = YES;
				GCC_WARN_UNUSED_VARIABLE = YES;
				IPHONEOS_DEPLOYMENT_TARGET = 16.4;
				MTL_ENABLE_DEBUG_INFO = INCLUDE_SOURCE;
				MTL_FAST_MATH = YES;
				ONLY_ACTIVE_ARCH = YES;
				SDKROOT = iphoneos;
				SWIFT_ACTIVE_COMPILATION_CONDITIONS = DEBUG;
				SWIFT_OPTIMIZATION_LEVEL = "-Onone";
			};
			name = Debug;
		};
		F6DE8DC12A45C7BB0026E1E5 /* Release */ = {
			isa = XCBuildConfiguration;
			buildSettings = {
				ALWAYS_SEARCH_USER_PATHS = NO;
				CLANG_ANALYZER_NONNULL = YES;
				CLANG_ANALYZER_NUMBER_OBJECT_CONVERSION = YES_AGGRESSIVE;
				CLANG_CXX_LANGUAGE_STANDARD = "gnu++20";
				CLANG_ENABLE_MODULES = YES;
				CLANG_ENABLE_OBJC_ARC = YES;
				CLANG_ENABLE_OBJC_WEAK = YES;
				CLANG_WARN_BLOCK_CAPTURE_AUTORELEASING = YES;
				CLANG_WARN_BOOL_CONVERSION = YES;
				CLANG_WARN_COMMA = YES;
				CLANG_WARN_CONSTANT_CONVERSION = YES;
				CLANG_WARN_DEPRECATED_OBJC_IMPLEMENTATIONS = YES;
				CLANG_WARN_DIRECT_OBJC_ISA_USAGE = YES_ERROR;
				CLANG_WARN_DOCUMENTATION_COMMENTS = YES;
				CLANG_WARN_EMPTY_BODY = YES;
				CLANG_WARN_ENUM_CONVERSION = YES;
				CLANG_WARN_INFINITE_RECURSION = YES;
				CLANG_WARN_INT_CONVERSION = YES;
				CLANG_WARN_NON_LITERAL_NULL_CONVERSION = YES;
				CLANG_WARN_OBJC_IMPLICIT_RETAIN_SELF = YES;
				CLANG_WARN_OBJC_LITERAL_CONVERSION = YES;
				CLANG_WARN_OBJC_ROOT_CLASS = YES_ERROR;
				CLANG_WARN_QUOTED_INCLUDE_IN_FRAMEWORK_HEADER = YES;
				CLANG_WARN_RANGE_LOOP_ANALYSIS = YES;
				CLANG_WARN_STRICT_PROTOTYPES = YES;
				CLANG_WARN_SUSPICIOUS_MOVE = YES;
				CLANG_WARN_UNGUARDED_AVAILABILITY = YES_AGGRESSIVE;
				CLANG_WARN_UNREACHABLE_CODE = YES;
				CLANG_WARN__DUPLICATE_METHOD_MATCH = YES;
				COPY_PHASE_STRIP = NO;
				DEBUG_INFORMATION_FORMAT = "dwarf-with-dsym";
				ENABLE_NS_ASSERTIONS = NO;
				ENABLE_STRICT_OBJC_MSGSEND = YES;
				GCC_C_LANGUAGE_STANDARD = gnu11;
				GCC_NO_COMMON_BLOCKS = YES;
				GCC_WARN_64_TO_32_BIT_CONVERSION = YES;
				GCC_WARN_ABOUT_RETURN_TYPE = YES_ERROR;
				GCC_WARN_UNDECLARED_SELECTOR = YES;
				GCC_WARN_UNINITIALIZED_AUTOS = YES_AGGRESSIVE;
				GCC_WARN_UNUSED_FUNCTION = YES;
				GCC_WARN_UNUSED_VARIABLE = YES;
				IPHONEOS_DEPLOYMENT_TARGET = 16.4;
				MTL_ENABLE_DEBUG_INFO = NO;
				MTL_FAST_MATH = YES;
				SDKROOT = iphoneos;
				SWIFT_COMPILATION_MODE = wholemodule;
				SWIFT_OPTIMIZATION_LEVEL = "-O";
				VALIDATE_PRODUCT = YES;
			};
			name = Release;
		};
		F6DE8DC32A45C7BB0026E1E5 /* Debug */ = {
			isa = XCBuildConfiguration;
			buildSettings = {
				ASSETCATALOG_COMPILER_APPICON_NAME = AppIcon;
				ASSETCATALOG_COMPILER_GLOBAL_ACCENT_COLOR_NAME = AccentColor;
				CODE_SIGN_STYLE = Automatic;
				CURRENT_PROJECT_VERSION = 1;
				DEVELOPMENT_TEAM = 6NNWR2JHQ8;
				GENERATE_INFOPLIST_FILE = YES;
				INFOPLIST_FILE = EventApp/Info.plist;
				INFOPLIST_KEY_CFBundleDisplayName = "";
				INFOPLIST_KEY_LSApplicationCategoryType = "";
				INFOPLIST_KEY_UIApplicationSupportsIndirectInputEvents = YES;
				INFOPLIST_KEY_UILaunchStoryboardName = LaunchScreen;
				INFOPLIST_KEY_UIMainStoryboardFile = Main;
				INFOPLIST_KEY_UISupportedInterfaceOrientations_iPad = "UIInterfaceOrientationPortrait UIInterfaceOrientationPortraitUpsideDown UIInterfaceOrientationLandscapeLeft UIInterfaceOrientationLandscapeRight";
				INFOPLIST_KEY_UISupportedInterfaceOrientations_iPhone = "UIInterfaceOrientationPortrait UIInterfaceOrientationLandscapeLeft UIInterfaceOrientationLandscapeRight";
				LD_RUNPATH_SEARCH_PATHS = (
					"$(inherited)",
					"@executable_path/Frameworks",
				);
				MARKETING_VERSION = 1.0;
				PRODUCT_BUNDLE_IDENTIFIER = w.EventApp;
				PRODUCT_NAME = "$(TARGET_NAME)";
				SWIFT_EMIT_LOC_STRINGS = YES;
				SWIFT_VERSION = 5.0;
				TARGETED_DEVICE_FAMILY = "1,2";
			};
			name = Debug;
		};
		F6DE8DC42A45C7BB0026E1E5 /* Release */ = {
			isa = XCBuildConfiguration;
			buildSettings = {
				ASSETCATALOG_COMPILER_APPICON_NAME = AppIcon;
				ASSETCATALOG_COMPILER_GLOBAL_ACCENT_COLOR_NAME = AccentColor;
				CODE_SIGN_STYLE = Automatic;
				CURRENT_PROJECT_VERSION = 1;
				DEVELOPMENT_TEAM = 6NNWR2JHQ8;
				GENERATE_INFOPLIST_FILE = YES;
				INFOPLIST_FILE = EventApp/Info.plist;
				INFOPLIST_KEY_CFBundleDisplayName = "";
				INFOPLIST_KEY_LSApplicationCategoryType = "";
				INFOPLIST_KEY_UIApplicationSupportsIndirectInputEvents = YES;
				INFOPLIST_KEY_UILaunchStoryboardName = LaunchScreen;
				INFOPLIST_KEY_UIMainStoryboardFile = Main;
				INFOPLIST_KEY_UISupportedInterfaceOrientations_iPad = "UIInterfaceOrientationPortrait UIInterfaceOrientationPortraitUpsideDown UIInterfaceOrientationLandscapeLeft UIInterfaceOrientationLandscapeRight";
				INFOPLIST_KEY_UISupportedInterfaceOrientations_iPhone = "UIInterfaceOrientationPortrait UIInterfaceOrientationLandscapeLeft UIInterfaceOrientationLandscapeRight";
				LD_RUNPATH_SEARCH_PATHS = (
					"$(inherited)",
					"@executable_path/Frameworks",
				);
				MARKETING_VERSION = 1.0;
				PRODUCT_BUNDLE_IDENTIFIER = w.EventApp;
				PRODUCT_NAME = "$(TARGET_NAME)";
				SWIFT_EMIT_LOC_STRINGS = YES;
				SWIFT_VERSION = 5.0;
				TARGETED_DEVICE_FAMILY = "1,2";
			};
			name = Release;
		};
		F6DE8DC62A45C7BB0026E1E5 /* Debug */ = {
			isa = XCBuildConfiguration;
			buildSettings = {
				ALWAYS_EMBED_SWIFT_STANDARD_LIBRARIES = YES;
				BUNDLE_LOADER = "$(TEST_HOST)";
				CODE_SIGN_STYLE = Automatic;
				CURRENT_PROJECT_VERSION = 1;
				DEVELOPMENT_TEAM = 6NNWR2JHQ8;
				GENERATE_INFOPLIST_FILE = YES;
				IPHONEOS_DEPLOYMENT_TARGET = 16.4;
				MARKETING_VERSION = 1.0;
				PRODUCT_BUNDLE_IDENTIFIER = w.EventAppTests;
				PRODUCT_NAME = "$(TARGET_NAME)";
				SWIFT_EMIT_LOC_STRINGS = NO;
				SWIFT_VERSION = 5.0;
				TARGETED_DEVICE_FAMILY = "1,2";
				TEST_HOST = "$(BUILT_PRODUCTS_DIR)/EventApp.app/$(BUNDLE_EXECUTABLE_FOLDER_PATH)/EventApp";
			};
			name = Debug;
		};
		F6DE8DC72A45C7BB0026E1E5 /* Release */ = {
			isa = XCBuildConfiguration;
			buildSettings = {
				ALWAYS_EMBED_SWIFT_STANDARD_LIBRARIES = YES;
				BUNDLE_LOADER = "$(TEST_HOST)";
				CODE_SIGN_STYLE = Automatic;
				CURRENT_PROJECT_VERSION = 1;
				DEVELOPMENT_TEAM = 6NNWR2JHQ8;
				GENERATE_INFOPLIST_FILE = YES;
				IPHONEOS_DEPLOYMENT_TARGET = 16.4;
				MARKETING_VERSION = 1.0;
				PRODUCT_BUNDLE_IDENTIFIER = w.EventAppTests;
				PRODUCT_NAME = "$(TARGET_NAME)";
				SWIFT_EMIT_LOC_STRINGS = NO;
				SWIFT_VERSION = 5.0;
				TARGETED_DEVICE_FAMILY = "1,2";
				TEST_HOST = "$(BUILT_PRODUCTS_DIR)/EventApp.app/$(BUNDLE_EXECUTABLE_FOLDER_PATH)/EventApp";
			};
			name = Release;
		};
		F6DE8DC92A45C7BB0026E1E5 /* Debug */ = {
			isa = XCBuildConfiguration;
			buildSettings = {
				ALWAYS_EMBED_SWIFT_STANDARD_LIBRARIES = YES;
				CODE_SIGN_STYLE = Automatic;
				CURRENT_PROJECT_VERSION = 1;
				DEVELOPMENT_TEAM = 6NNWR2JHQ8;
				GENERATE_INFOPLIST_FILE = YES;
				MARKETING_VERSION = 1.0;
				PRODUCT_BUNDLE_IDENTIFIER = w.EventAppUITests;
				PRODUCT_NAME = "$(TARGET_NAME)";
				SWIFT_EMIT_LOC_STRINGS = NO;
				SWIFT_VERSION = 5.0;
				TARGETED_DEVICE_FAMILY = "1,2";
				TEST_TARGET_NAME = EventApp;
			};
			name = Debug;
		};
		F6DE8DCA2A45C7BB0026E1E5 /* Release */ = {
			isa = XCBuildConfiguration;
			buildSettings = {
				ALWAYS_EMBED_SWIFT_STANDARD_LIBRARIES = YES;
				CODE_SIGN_STYLE = Automatic;
				CURRENT_PROJECT_VERSION = 1;
				DEVELOPMENT_TEAM = 6NNWR2JHQ8;
				GENERATE_INFOPLIST_FILE = YES;
				MARKETING_VERSION = 1.0;
				PRODUCT_BUNDLE_IDENTIFIER = w.EventAppUITests;
				PRODUCT_NAME = "$(TARGET_NAME)";
				SWIFT_EMIT_LOC_STRINGS = NO;
				SWIFT_VERSION = 5.0;
				TARGETED_DEVICE_FAMILY = "1,2";
				TEST_TARGET_NAME = EventApp;
			};
			name = Release;
		};
/* End XCBuildConfiguration section */

/* Begin XCConfigurationList section */
		F6DE8D932A45C7BA0026E1E5 /* Build configuration list for PBXProject "EventApp" */ = {
			isa = XCConfigurationList;
			buildConfigurations = (
				F6DE8DC02A45C7BB0026E1E5 /* Debug */,
				F6DE8DC12A45C7BB0026E1E5 /* Release */,
			);
			defaultConfigurationIsVisible = 0;
			defaultConfigurationName = Release;
		};
		F6DE8DC22A45C7BB0026E1E5 /* Build configuration list for PBXNativeTarget "EventApp" */ = {
			isa = XCConfigurationList;
			buildConfigurations = (
				F6DE8DC32A45C7BB0026E1E5 /* Debug */,
				F6DE8DC42A45C7BB0026E1E5 /* Release */,
			);
			defaultConfigurationIsVisible = 0;
			defaultConfigurationName = Release;
		};
		F6DE8DC52A45C7BB0026E1E5 /* Build configuration list for PBXNativeTarget "EventAppTests" */ = {
			isa = XCConfigurationList;
			buildConfigurations = (
				F6DE8DC62A45C7BB0026E1E5 /* Debug */,
				F6DE8DC72A45C7BB0026E1E5 /* Release */,
			);
			defaultConfigurationIsVisible = 0;
			defaultConfigurationName = Release;
		};
		F6DE8DC82A45C7BB0026E1E5 /* Build configuration list for PBXNativeTarget "EventAppUITests" */ = {
			isa = XCConfigurationList;
			buildConfigurations = (
				F6DE8DC92A45C7BB0026E1E5 /* Debug */,
				F6DE8DCA2A45C7BB0026E1E5 /* Release */,
			);
			defaultConfigurationIsVisible = 0;
			defaultConfigurationName = Release;
		};
/* End XCConfigurationList section */

/* Begin XCRemoteSwiftPackageReference section */
		F659EFCA2A5FFE0C00ECE98A /* XCRemoteSwiftPackageReference "IHProgressHUD" */ = {
			isa = XCRemoteSwiftPackageReference;
			repositoryURL = "https://github.com/Swiftify-Corp/IHProgressHUD.git";
			requirement = {
				kind = upToNextMajorVersion;
				minimumVersion = 0.1.8;
			};
		};
/* End XCRemoteSwiftPackageReference section */

/* Begin XCSwiftPackageProductDependency section */
		F659EFCB2A5FFE0C00ECE98A /* IHProgressHUD */ = {
			isa = XCSwiftPackageProductDependency;
			package = F659EFCA2A5FFE0C00ECE98A /* XCRemoteSwiftPackageReference "IHProgressHUD" */;
			productName = IHProgressHUD;
		};
/* End XCSwiftPackageProductDependency section */
	};
	rootObject = F6DE8D902A45C7BA0026E1E5 /* Project object */;
}
