// !$*UTF8*$!
{
	archiveVersion = 1;
	classes = {
	};
	objectVersion = 56;
	objects = {

/* Begin PBXBuildFile section */
		111B90B02A974A7A0046593C /* NotificiationManager.swift in Sources */ = {isa = PBXBuildFile; fileRef = 111B90AF2A974A7A0046593C /* NotificiationManager.swift */; };
		111B90B22A975D420046593C /* GoogleService-Info.plist in Resources */ = {isa = PBXBuildFile; fileRef = 111B90B12A975D420046593C /* GoogleService-Info.plist */; };
		111B90B42A976BC60046593C /* UpdatePhoneRequest.swift in Sources */ = {isa = PBXBuildFile; fileRef = 111B90B32A976BC60046593C /* UpdatePhoneRequest.swift */; };
		111B90B62A976C8C0046593C /* UIViewController+showAlert.swift in Sources */ = {isa = PBXBuildFile; fileRef = 111B90B52A976C8C0046593C /* UIViewController+showAlert.swift */; };
		111B90B82A9783FF0046593C /* AskQuestionChatViewController.swift in Sources */ = {isa = PBXBuildFile; fileRef = 111B90B72A9783FF0046593C /* AskQuestionChatViewController.swift */; };
		111B90BA2A9795940046593C /* ChatMessageModelResponse.swift in Sources */ = {isa = PBXBuildFile; fileRef = 111B90B92A9795940046593C /* ChatMessageModelResponse.swift */; };
		111B90BC2A9795A30046593C /* ChatMessageModel.swift in Sources */ = {isa = PBXBuildFile; fileRef = 111B90BB2A9795A30046593C /* ChatMessageModel.swift */; };
		11769E182A7289B6008237D6 /* String+Localization.swift in Sources */ = {isa = PBXBuildFile; fileRef = 11769E172A7289B6008237D6 /* String+Localization.swift */; };
		11769E1C2A728DE1008237D6 /* CodeVerifyResponse.swift in Sources */ = {isa = PBXBuildFile; fileRef = 11769E1B2A728DE1008237D6 /* CodeVerifyResponse.swift */; };
		11769E1E2A728F3E008237D6 /* UserManager.swift in Sources */ = {isa = PBXBuildFile; fileRef = 11769E1D2A728F3E008237D6 /* UserManager.swift */; };
		11769E212A72900C008237D6 /* KeychainSwift in Frameworks */ = {isa = PBXBuildFile; productRef = 11769E202A72900C008237D6 /* KeychainSwift */; };
		11769E242A72927E008237D6 /* SecuredStorage.swift in Sources */ = {isa = PBXBuildFile; fileRef = 11769E232A72927E008237D6 /* SecuredStorage.swift */; };
		11769E262A72928A008237D6 /* LocalStorageKey.swift in Sources */ = {isa = PBXBuildFile; fileRef = 11769E252A72928A008237D6 /* LocalStorageKey.swift */; };
		11769E292A72979A008237D6 /* Swinject in Frameworks */ = {isa = PBXBuildFile; productRef = 11769E282A72979A008237D6 /* Swinject */; };
		11769E2B2A729A79008237D6 /* ProfileModelResponse.swift in Sources */ = {isa = PBXBuildFile; fileRef = 11769E2A2A729A79008237D6 /* ProfileModelResponse.swift */; };
		11769E3C2A76B5D4008237D6 /* SwitcherStateSectionModel.swift in Sources */ = {isa = PBXBuildFile; fileRef = 11769E3B2A76B5D4008237D6 /* SwitcherStateSectionModel.swift */; };
		11769E3E2A76B5E3008237D6 /* StateModel.swift in Sources */ = {isa = PBXBuildFile; fileRef = 11769E3D2A76B5E3008237D6 /* StateModel.swift */; };
		11769E402A76B604008237D6 /* StateType.swift in Sources */ = {isa = PBXBuildFile; fileRef = 11769E3F2A76B604008237D6 /* StateType.swift */; };
		11B614062A8AB75C00834221 /* SaveTokenRequest.swift in Sources */ = {isa = PBXBuildFile; fileRef = 11B614052A8AB75C00834221 /* SaveTokenRequest.swift */; };
		11B614082A8ABA6E00834221 /* BaseViewController.swift in Sources */ = {isa = PBXBuildFile; fileRef = 11B614072A8ABA6E00834221 /* BaseViewController.swift */; };
		11B6140A2A8ABA8B00834221 /* NotificationPermissionManager.swift in Sources */ = {isa = PBXBuildFile; fileRef = 11B614092A8ABA8B00834221 /* NotificationPermissionManager.swift */; };
		11B6140D2A8B5A7300834221 /* FirebaseMessaging in Frameworks */ = {isa = PBXBuildFile; productRef = 11B6140C2A8B5A7300834221 /* FirebaseMessaging */; };
		11D303702A77AF2400BD7B27 /* ItemStateable.swift in Sources */ = {isa = PBXBuildFile; fileRef = 11D3036F2A77AF2400BD7B27 /* ItemStateable.swift */; };
		11D303722A77B34300BD7B27 /* TextFieldStateSectionModel.swift in Sources */ = {isa = PBXBuildFile; fileRef = 11D303712A77B34300BD7B27 /* TextFieldStateSectionModel.swift */; };
		11D303742A77F68600BD7B27 /* NotificationResponseModel.swift in Sources */ = {isa = PBXBuildFile; fileRef = 11D303732A77F68600BD7B27 /* NotificationResponseModel.swift */; };
		11E714272A9895C500B3C6EA /* MessageCell.swift in Sources */ = {isa = PBXBuildFile; fileRef = 11E714262A9895C500B3C6EA /* MessageCell.swift */; };
		11F6FF882A84F58A0050EB2F /* TicketCreateRequest.swift in Sources */ = {isa = PBXBuildFile; fileRef = 11F6FF872A84F58A0050EB2F /* TicketCreateRequest.swift */; };
		11F6FF8A2A84F6380050EB2F /* TicketType.swift in Sources */ = {isa = PBXBuildFile; fileRef = 11F6FF892A84F6380050EB2F /* TicketType.swift */; };
		F61165EC2A976AE500FE5EA2 /* AlertMessageViewController.swift in Sources */ = {isa = PBXBuildFile; fileRef = F61165EB2A976AE500FE5EA2 /* AlertMessageViewController.swift */; };
		F61165EE2A98A3B400FE5EA2 /* LeftMessagesCell-ipad.xib in Resources */ = {isa = PBXBuildFile; fileRef = F61165ED2A98A3B400FE5EA2 /* LeftMessagesCell-ipad.xib */; };
		F61165F02A98A3BC00FE5EA2 /* RightMessagesCell-ipad.xib in Resources */ = {isa = PBXBuildFile; fileRef = F61165EF2A98A3BC00FE5EA2 /* RightMessagesCell-ipad.xib */; };
		F614B9272A668C89000289E3 /* IQKeyboardManagerSwift in Frameworks */ = {isa = PBXBuildFile; productRef = F614B9262A668C89000289E3 /* IQKeyboardManagerSwift */; };
		F61C2E9B2A7172DB00CC77A2 /* ChatModel.swift in Sources */ = {isa = PBXBuildFile; fileRef = F61C2E9A2A7172DB00CC77A2 /* ChatModel.swift */; };
		F655E2BB2A49C2A100C7C25A /* MenuHeaderView.swift in Sources */ = {isa = PBXBuildFile; fileRef = F655E2BA2A49C2A100C7C25A /* MenuHeaderView.swift */; };
		F655E2BD2A49C36300C7C25A /* MenuCellType.swift in Sources */ = {isa = PBXBuildFile; fileRef = F655E2BC2A49C36300C7C25A /* MenuCellType.swift */; };
		F655E2BF2A49C38A00C7C25A /* MenuModel.swift in Sources */ = {isa = PBXBuildFile; fileRef = F655E2BE2A49C38A00C7C25A /* MenuModel.swift */; };
		F659EFCC2A5FFE0C00ECE98A /* IHProgressHUD in Frameworks */ = {isa = PBXBuildFile; productRef = F659EFCB2A5FFE0C00ECE98A /* IHProgressHUD */; };
		F659EFCF2A60024400ECE98A /* Main-ipad.storyboard in Resources */ = {isa = PBXBuildFile; fileRef = F659EFCE2A60024400ECE98A /* Main-ipad.storyboard */; };
		F659EFD12A60079D00ECE98A /* MessageInfoCell-ipad.xib in Resources */ = {isa = PBXBuildFile; fileRef = F659EFD02A60079D00ECE98A /* MessageInfoCell-ipad.xib */; };
		F659EFD32A6007AB00ECE98A /* MainMessageCell-ipad.xib in Resources */ = {isa = PBXBuildFile; fileRef = F659EFD22A6007AB00ECE98A /* MainMessageCell-ipad.xib */; };
		F659EFD82A600C5B00ECE98A /* StoryboardFabric.swift in Sources */ = {isa = PBXBuildFile; fileRef = F659EFD72A600C5B00ECE98A /* StoryboardFabric.swift */; };
		F659EFDB2A60173E00ECE98A /* GetCodeView.xib in Resources */ = {isa = PBXBuildFile; fileRef = F659EFDA2A60173E00ECE98A /* GetCodeView.xib */; };
		F659EFDE2A60186400ECE98A /* SGCodeTextField in Frameworks */ = {isa = PBXBuildFile; productRef = F659EFDD2A60186400ECE98A /* SGCodeTextField */; };
		F659EFE02A60198800ECE98A /* GetCodeView.swift in Sources */ = {isa = PBXBuildFile; fileRef = F659EFDF2A60198800ECE98A /* GetCodeView.swift */; };
		F659EFE62A601CEB00ECE98A /* SwiftEntryKit in Frameworks */ = {isa = PBXBuildFile; productRef = F659EFE52A601CEB00ECE98A /* SwiftEntryKit */; };
		F65CE1412A497B05003E4E3F /* TextField.swift in Sources */ = {isa = PBXBuildFile; fileRef = F65CE1402A497B05003E4E3F /* TextField.swift */; };
		F65CE1432A49C11B003E4E3F /* MenuHeaderView.xib in Resources */ = {isa = PBXBuildFile; fileRef = F65CE1422A49C11B003E4E3F /* MenuHeaderView.xib */; };
		F67741722A7168B0001A1D63 /* LeftMessagesCell.xib in Resources */ = {isa = PBXBuildFile; fileRef = F67741712A7168B0001A1D63 /* LeftMessagesCell.xib */; };
		F67741742A7168BE001A1D63 /* RightMessagesCell.xib in Resources */ = {isa = PBXBuildFile; fileRef = F67741732A7168BE001A1D63 /* RightMessagesCell.xib */; };
		F67741772A7168EC001A1D63 /* LeftMessagesCell.swift in Sources */ = {isa = PBXBuildFile; fileRef = F67741762A7168EC001A1D63 /* LeftMessagesCell.swift */; };
		F67741792A7168F8001A1D63 /* RightMessagesCell.swift in Sources */ = {isa = PBXBuildFile; fileRef = F67741782A7168F8001A1D63 /* RightMessagesCell.swift */; };
		F6800C4C2A4974E7001FB2E5 /* AskQuestionViewController.swift in Sources */ = {isa = PBXBuildFile; fileRef = F6800C4B2A4974E7001FB2E5 /* AskQuestionViewController.swift */; };
		F6800C542A497A09001FB2E5 /* Montserrat-Light.ttf in Resources */ = {isa = PBXBuildFile; fileRef = F6800C502A497628001FB2E5 /* Montserrat-Light.ttf */; };
		F6800C552A497A0E001FB2E5 /* Montserrat-Medium.ttf in Resources */ = {isa = PBXBuildFile; fileRef = F6800C4E2A497628001FB2E5 /* Montserrat-Medium.ttf */; };
		F6800C562A497A0E001FB2E5 /* Montserrat-Regular.ttf in Resources */ = {isa = PBXBuildFile; fileRef = F6800C4F2A497628001FB2E5 /* Montserrat-Regular.ttf */; };
		F6800C572A497A0E001FB2E5 /* Montserrat-SemiBold.ttf in Resources */ = {isa = PBXBuildFile; fileRef = F6800C512A497628001FB2E5 /* Montserrat-SemiBold.ttf */; };
		F6800C582A497A0E001FB2E5 /* Montserrat-Bold.ttf in Resources */ = {isa = PBXBuildFile; fileRef = F6800C532A497628001FB2E5 /* Montserrat-Bold.ttf */; };
		F6800C592A497A0E001FB2E5 /* Montserrat-ExtraLight.ttf in Resources */ = {isa = PBXBuildFile; fileRef = F6800C522A497628001FB2E5 /* Montserrat-ExtraLight.ttf */; };
		F685E6FE2A5576B100C7F457 /* MessageInfoCell.swift in Sources */ = {isa = PBXBuildFile; fileRef = F685E6FD2A5576B100C7F457 /* MessageInfoCell.swift */; };
		F685E7012A5576C900C7F457 /* MessageInfoCell.xib in Resources */ = {isa = PBXBuildFile; fileRef = F685E7002A5576C800C7F457 /* MessageInfoCell.xib */; };
		F685E7062A557E0300C7F457 /* MainMessageCell.swift in Sources */ = {isa = PBXBuildFile; fileRef = F685E7052A557E0300C7F457 /* MainMessageCell.swift */; };
		F685E7082A557E1000C7F457 /* MainMessageCell.xib in Resources */ = {isa = PBXBuildFile; fileRef = F685E7072A557E1000C7F457 /* MainMessageCell.xib */; };
		F685E70A2A55899500C7F457 /* MessagesCellType.swift in Sources */ = {isa = PBXBuildFile; fileRef = F685E7092A55899500C7F457 /* MessagesCellType.swift */; };
		F685E7102A558BA700C7F457 /* AlertMessagesModel.swift in Sources */ = {isa = PBXBuildFile; fileRef = F685E70F2A558BA700C7F457 /* AlertMessagesModel.swift */; };
		F685E7122A558BCD00C7F457 /* MessagesModel.swift in Sources */ = {isa = PBXBuildFile; fileRef = F685E7112A558BCD00C7F457 /* MessagesModel.swift */; };
		F685E7142A559D8500C7F457 /* TextViewMessage.swift in Sources */ = {isa = PBXBuildFile; fileRef = F685E7132A559D8500C7F457 /* TextViewMessage.swift */; };
		F685E7172A55F5D700C7F457 /* Archive.storyboard in Resources */ = {isa = PBXBuildFile; fileRef = F685E7162A55F5D700C7F457 /* Archive.storyboard */; };
		F685E7192A55F74E00C7F457 /* ArchiveViewController.swift in Sources */ = {isa = PBXBuildFile; fileRef = F685E7182A55F74E00C7F457 /* ArchiveViewController.swift */; };
		F685E71F2A55F7B200C7F457 /* ArchiveMessagesCell.swift in Sources */ = {isa = PBXBuildFile; fileRef = F685E71E2A55F7B200C7F457 /* ArchiveMessagesCell.swift */; };
		F685E7212A55FAE800C7F457 /* InformationMessagesCell.xib in Resources */ = {isa = PBXBuildFile; fileRef = F685E7202A55FAE800C7F457 /* InformationMessagesCell.xib */; };
		F685E7232A55FAFB00C7F457 /* InformationMessagesCell.swift in Sources */ = {isa = PBXBuildFile; fileRef = F685E7222A55FAFB00C7F457 /* InformationMessagesCell.swift */; };
		F685E7272A55FDD900C7F457 /* ArchiveCellType.swift in Sources */ = {isa = PBXBuildFile; fileRef = F685E7262A55FDD900C7F457 /* ArchiveCellType.swift */; };
		F685E72A2A55FE7400C7F457 /* ArchiveModel.swift in Sources */ = {isa = PBXBuildFile; fileRef = F685E7292A55FE7400C7F457 /* ArchiveModel.swift */; };
		F685E72C2A55FEC000C7F457 /* InformationMessageModel.swift in Sources */ = {isa = PBXBuildFile; fileRef = F685E72B2A55FEC000C7F457 /* InformationMessageModel.swift */; };
		F685E72E2A55FF1600C7F457 /* MessageModel.swift in Sources */ = {isa = PBXBuildFile; fileRef = F685E72D2A55FF1600C7F457 /* MessageModel.swift */; };
		F6ABCE822A46E3DA00ECFE16 /* DrawerMenuViewController.swift in Sources */ = {isa = PBXBuildFile; fileRef = F6ABCE812A46E3DA00ECFE16 /* DrawerMenuViewController.swift */; };
		F6ABCE842A46E42800ECFE16 /* DrawerTransitionManager.swift in Sources */ = {isa = PBXBuildFile; fileRef = F6ABCE832A46E42800ECFE16 /* DrawerTransitionManager.swift */; };
		F6ABCE872A46E47D00ECFE16 /* DrawerSlideAnimation.swift in Sources */ = {isa = PBXBuildFile; fileRef = F6ABCE862A46E47D00ECFE16 /* DrawerSlideAnimation.swift */; };
		F6ABCE8A2A46E4AC00ECFE16 /* DrawerPresentationController.swift in Sources */ = {isa = PBXBuildFile; fileRef = F6ABCE892A46E4AC00ECFE16 /* DrawerPresentationController.swift */; };
		F6ABCE8C2A48655B00ECFE16 /* SettingsViewController.swift in Sources */ = {isa = PBXBuildFile; fileRef = F6ABCE8B2A48655B00ECFE16 /* SettingsViewController.swift */; };
		F6ABCE902A486F0400ECFE16 /* CustomFieldCell.xib in Resources */ = {isa = PBXBuildFile; fileRef = F6ABCE8F2A486F0400ECFE16 /* CustomFieldCell.xib */; };
		F6ABCE922A486F1100ECFE16 /* SwitcherCell.xib in Resources */ = {isa = PBXBuildFile; fileRef = F6ABCE912A486F1100ECFE16 /* SwitcherCell.xib */; };
		F6ABCE942A486F2A00ECFE16 /* SwitcherCell.swift in Sources */ = {isa = PBXBuildFile; fileRef = F6ABCE932A486F2A00ECFE16 /* SwitcherCell.swift */; };
		F6ABCE962A486F3A00ECFE16 /* CustomFieldCell.swift in Sources */ = {isa = PBXBuildFile; fileRef = F6ABCE952A486F3A00ECFE16 /* CustomFieldCell.swift */; };
		F6ABCE9C2A48710A00ECFE16 /* SettingsHeaderView.xib in Resources */ = {isa = PBXBuildFile; fileRef = F6ABCE9B2A48710A00ECFE16 /* SettingsHeaderView.xib */; };
		F6ABCEA02A48719400ECFE16 /* SettingsHeaderView.swift in Sources */ = {isa = PBXBuildFile; fileRef = F6ABCE9F2A48719400ECFE16 /* SettingsHeaderView.swift */; };
		F6ABCEA22A48724200ECFE16 /* SectionModel.swift in Sources */ = {isa = PBXBuildFile; fileRef = F6ABCEA12A48724200ECFE16 /* SectionModel.swift */; };
		F6C5ADCA2A603CD70058C8AF /* NetworkManager.swift in Sources */ = {isa = PBXBuildFile; fileRef = F6C5ADC92A603CD70058C8AF /* NetworkManager.swift */; };
		F6C5ADCD2A6045940058C8AF /* CodeRequest.swift in Sources */ = {isa = PBXBuildFile; fileRef = F6C5ADCC2A6045940058C8AF /* CodeRequest.swift */; };
		F6C5ADD12A617BBD0058C8AF /* Localizable.strings in Resources */ = {isa = PBXBuildFile; fileRef = F6C5ADD32A617BBD0058C8AF /* Localizable.strings */; };
		F6C5ADD82A631DAA0058C8AF /* ServerResponse.swift in Sources */ = {isa = PBXBuildFile; fileRef = F6C5ADD72A631DAA0058C8AF /* ServerResponse.swift */; };
		F6C5ADDA2A6320700058C8AF /* CodeRequestVerify.swift in Sources */ = {isa = PBXBuildFile; fileRef = F6C5ADD92A6320700058C8AF /* CodeRequestVerify.swift */; };
		F6CEEE972A53110F00B2E1EE /* SelectionViewController.swift in Sources */ = {isa = PBXBuildFile; fileRef = F6CEEE962A53110F00B2E1EE /* SelectionViewController.swift */; };
		F6CEEE992A53118900B2E1EE /* SelectionModel.swift in Sources */ = {isa = PBXBuildFile; fileRef = F6CEEE982A53118900B2E1EE /* SelectionModel.swift */; };
		F6CEEE9C2A53216400B2E1EE /* TypeModel.swift in Sources */ = {isa = PBXBuildFile; fileRef = F6CEEE9B2A53216400B2E1EE /* TypeModel.swift */; };
		F6CEEE9E2A53217600B2E1EE /* LanguageModel.swift in Sources */ = {isa = PBXBuildFile; fileRef = F6CEEE9D2A53217600B2E1EE /* LanguageModel.swift */; };
		F6D5D9672A72913D00A8053B /* InformationMessagesCell-ipad.xib in Resources */ = {isa = PBXBuildFile; fileRef = F6D5D9662A72913D00A8053B /* InformationMessagesCell-ipad.xib */; };
		F6D5D9692A72932F00A8053B /* SwitcherCell-ipad.xib in Resources */ = {isa = PBXBuildFile; fileRef = F6D5D9682A72932F00A8053B /* SwitcherCell-ipad.xib */; };
		F6D5D96B2A72936400A8053B /* CustomFieldCell-ipad.xib in Resources */ = {isa = PBXBuildFile; fileRef = F6D5D96A2A72936400A8053B /* CustomFieldCell-ipad.xib */; };
		F6D5D96D2A72943000A8053B /* SelectionCell-ipad.xib in Resources */ = {isa = PBXBuildFile; fileRef = F6D5D96C2A72943000A8053B /* SelectionCell-ipad.xib */; };
		F6D5D96F2A72945000A8053B /* MenuCell-ipad.xib in Resources */ = {isa = PBXBuildFile; fileRef = F6D5D96E2A72945000A8053B /* MenuCell-ipad.xib */; };
		F6D5D9712A7294AD00A8053B /* Archive-ipad.storyboard in Resources */ = {isa = PBXBuildFile; fileRef = F6D5D9702A7294AD00A8053B /* Archive-ipad.storyboard */; };
		F6D5D9732A72972C00A8053B /* SettingsHeaderView-ipad.xib in Resources */ = {isa = PBXBuildFile; fileRef = F6D5D9722A72972B00A8053B /* SettingsHeaderView-ipad.xib */; };
		F6D5D9752A72975000A8053B /* MenuHeaderView-ipad.xib in Resources */ = {isa = PBXBuildFile; fileRef = F6D5D9742A72975000A8053B /* MenuHeaderView-ipad.xib */; };
		F6D5D9772A729A1600A8053B /* GetCodeView-ipad.xib in Resources */ = {isa = PBXBuildFile; fileRef = F6D5D9762A729A1600A8053B /* GetCodeView-ipad.xib */; };
		F6DE8D9C2A45C7BA0026E1E5 /* AppDelegate.swift in Sources */ = {isa = PBXBuildFile; fileRef = F6DE8D9B2A45C7BA0026E1E5 /* AppDelegate.swift */; };
		F6DE8D9E2A45C7BA0026E1E5 /* SceneDelegate.swift in Sources */ = {isa = PBXBuildFile; fileRef = F6DE8D9D2A45C7BA0026E1E5 /* SceneDelegate.swift */; };
		F6DE8DA02A45C7BA0026E1E5 /* MainViewController.swift in Sources */ = {isa = PBXBuildFile; fileRef = F6DE8D9F2A45C7BA0026E1E5 /* MainViewController.swift */; };
		F6DE8DA32A45C7BA0026E1E5 /* Main.storyboard in Resources */ = {isa = PBXBuildFile; fileRef = F6DE8DA12A45C7BA0026E1E5 /* Main.storyboard */; };
		F6DE8DA52A45C7BB0026E1E5 /* Assets.xcassets in Resources */ = {isa = PBXBuildFile; fileRef = F6DE8DA42A45C7BB0026E1E5 /* Assets.xcassets */; };
		F6DE8DA82A45C7BB0026E1E5 /* LaunchScreen.storyboard in Resources */ = {isa = PBXBuildFile; fileRef = F6DE8DA62A45C7BB0026E1E5 /* LaunchScreen.storyboard */; };
		F6DE8DB32A45C7BB0026E1E5 /* EventAppTests.swift in Sources */ = {isa = PBXBuildFile; fileRef = F6DE8DB22A45C7BB0026E1E5 /* EventAppTests.swift */; };
		F6DE8DBD2A45C7BB0026E1E5 /* EventAppUITests.swift in Sources */ = {isa = PBXBuildFile; fileRef = F6DE8DBC2A45C7BB0026E1E5 /* EventAppUITests.swift */; };
		F6DE8DBF2A45C7BB0026E1E5 /* EventAppUITestsLaunchTests.swift in Sources */ = {isa = PBXBuildFile; fileRef = F6DE8DBE2A45C7BB0026E1E5 /* EventAppUITestsLaunchTests.swift */; };
		F6E5827D2A45D9720041BD38 /* MessagesViewController.swift in Sources */ = {isa = PBXBuildFile; fileRef = F6E5827C2A45D9720041BD38 /* MessagesViewController.swift */; };
		F6F71DAA2A4F2C1500BFAED4 /* MenuCell.xib in Resources */ = {isa = PBXBuildFile; fileRef = F6F71DA92A4F2C1500BFAED4 /* MenuCell.xib */; };
		F6F71DAD2A4F2CE300BFAED4 /* MenuCell.swift in Sources */ = {isa = PBXBuildFile; fileRef = F6F71DAC2A4F2CE300BFAED4 /* MenuCell.swift */; };
		F6F71DB12A530EF400BFAED4 /* SelectionCell.xib in Resources */ = {isa = PBXBuildFile; fileRef = F6F71DB02A530EF400BFAED4 /* SelectionCell.xib */; };
		F6F71DB32A530FAD00BFAED4 /* SelectionCell.swift in Sources */ = {isa = PBXBuildFile; fileRef = F6F71DB22A530FAD00BFAED4 /* SelectionCell.swift */; };
/* End PBXBuildFile section */

/* Begin PBXContainerItemProxy section */
		F6DE8DAF2A45C7BB0026E1E5 /* PBXContainerItemProxy */ = {
			isa = PBXContainerItemProxy;
			containerPortal = F6DE8D902A45C7BA0026E1E5 /* Project object */;
			proxyType = 1;
			remoteGlobalIDString = F6DE8D972A45C7BA0026E1E5;
			remoteInfo = EventApp;
		};
		F6DE8DB92A45C7BB0026E1E5 /* PBXContainerItemProxy */ = {
			isa = PBXContainerItemProxy;
			containerPortal = F6DE8D902A45C7BA0026E1E5 /* Project object */;
			proxyType = 1;
			remoteGlobalIDString = F6DE8D972A45C7BA0026E1E5;
			remoteInfo = EventApp;
		};
/* End PBXContainerItemProxy section */

/* Begin PBXFileReference section */
		111B90AF2A974A7A0046593C /* NotificiationManager.swift */ = {isa = PBXFileReference; lastKnownFileType = sourcecode.swift; path = NotificiationManager.swift; sourceTree = "<group>"; };
		111B90B12A975D420046593C /* GoogleService-Info.plist */ = {isa = PBXFileReference; fileEncoding = 4; lastKnownFileType = text.plist.xml; path = "GoogleService-Info.plist"; sourceTree = "<group>"; };
		111B90B32A976BC60046593C /* UpdatePhoneRequest.swift */ = {isa = PBXFileReference; lastKnownFileType = sourcecode.swift; path = UpdatePhoneRequest.swift; sourceTree = "<group>"; };
		111B90B52A976C8C0046593C /* UIViewController+showAlert.swift */ = {isa = PBXFileReference; lastKnownFileType = sourcecode.swift; path = "UIViewController+showAlert.swift"; sourceTree = "<group>"; };
		111B90B72A9783FF0046593C /* AskQuestionChatViewController.swift */ = {isa = PBXFileReference; lastKnownFileType = sourcecode.swift; path = AskQuestionChatViewController.swift; sourceTree = "<group>"; };
		111B90B92A9795940046593C /* ChatMessageModelResponse.swift */ = {isa = PBXFileReference; lastKnownFileType = sourcecode.swift; path = ChatMessageModelResponse.swift; sourceTree = "<group>"; };
		111B90BB2A9795A30046593C /* ChatMessageModel.swift */ = {isa = PBXFileReference; lastKnownFileType = sourcecode.swift; path = ChatMessageModel.swift; sourceTree = "<group>"; };
		11769E172A7289B6008237D6 /* String+Localization.swift */ = {isa = PBXFileReference; lastKnownFileType = sourcecode.swift; path = "String+Localization.swift"; sourceTree = "<group>"; };
		11769E1B2A728DE1008237D6 /* CodeVerifyResponse.swift */ = {isa = PBXFileReference; lastKnownFileType = sourcecode.swift; path = CodeVerifyResponse.swift; sourceTree = "<group>"; };
		11769E1D2A728F3E008237D6 /* UserManager.swift */ = {isa = PBXFileReference; lastKnownFileType = sourcecode.swift; path = UserManager.swift; sourceTree = "<group>"; };
		11769E232A72927E008237D6 /* SecuredStorage.swift */ = {isa = PBXFileReference; lastKnownFileType = sourcecode.swift; path = SecuredStorage.swift; sourceTree = "<group>"; };
		11769E252A72928A008237D6 /* LocalStorageKey.swift */ = {isa = PBXFileReference; lastKnownFileType = sourcecode.swift; path = LocalStorageKey.swift; sourceTree = "<group>"; };
		11769E2A2A729A79008237D6 /* ProfileModelResponse.swift */ = {isa = PBXFileReference; lastKnownFileType = sourcecode.swift; path = ProfileModelResponse.swift; sourceTree = "<group>"; };
		11769E3B2A76B5D4008237D6 /* SwitcherStateSectionModel.swift */ = {isa = PBXFileReference; lastKnownFileType = sourcecode.swift; path = SwitcherStateSectionModel.swift; sourceTree = "<group>"; };
		11769E3D2A76B5E3008237D6 /* StateModel.swift */ = {isa = PBXFileReference; lastKnownFileType = sourcecode.swift; path = StateModel.swift; sourceTree = "<group>"; };
		11769E3F2A76B604008237D6 /* StateType.swift */ = {isa = PBXFileReference; lastKnownFileType = sourcecode.swift; path = StateType.swift; sourceTree = "<group>"; };
		11B614042A8AB48B00834221 /* EventApp.entitlements */ = {isa = PBXFileReference; lastKnownFileType = text.plist.entitlements; path = EventApp.entitlements; sourceTree = "<group>"; };
		11B614052A8AB75C00834221 /* SaveTokenRequest.swift */ = {isa = PBXFileReference; lastKnownFileType = sourcecode.swift; path = SaveTokenRequest.swift; sourceTree = "<group>"; };
		11B614072A8ABA6E00834221 /* BaseViewController.swift */ = {isa = PBXFileReference; lastKnownFileType = sourcecode.swift; path = BaseViewController.swift; sourceTree = "<group>"; };
		11B614092A8ABA8B00834221 /* NotificationPermissionManager.swift */ = {isa = PBXFileReference; lastKnownFileType = sourcecode.swift; path = NotificationPermissionManager.swift; sourceTree = "<group>"; };
		11D3036F2A77AF2400BD7B27 /* ItemStateable.swift */ = {isa = PBXFileReference; lastKnownFileType = sourcecode.swift; path = ItemStateable.swift; sourceTree = "<group>"; };
		11D303712A77B34300BD7B27 /* TextFieldStateSectionModel.swift */ = {isa = PBXFileReference; lastKnownFileType = sourcecode.swift; path = TextFieldStateSectionModel.swift; sourceTree = "<group>"; };
		11D303732A77F68600BD7B27 /* NotificationResponseModel.swift */ = {isa = PBXFileReference; lastKnownFileType = sourcecode.swift; path = NotificationResponseModel.swift; sourceTree = "<group>"; };
		11E714262A9895C500B3C6EA /* MessageCell.swift */ = {isa = PBXFileReference; lastKnownFileType = sourcecode.swift; path = MessageCell.swift; sourceTree = "<group>"; };
		11F6FF872A84F58A0050EB2F /* TicketCreateRequest.swift */ = {isa = PBXFileReference; lastKnownFileType = sourcecode.swift; path = TicketCreateRequest.swift; sourceTree = "<group>"; };
		11F6FF892A84F6380050EB2F /* TicketType.swift */ = {isa = PBXFileReference; lastKnownFileType = sourcecode.swift; path = TicketType.swift; sourceTree = "<group>"; };
		F61165EB2A976AE500FE5EA2 /* AlertMessageViewController.swift */ = {isa = PBXFileReference; lastKnownFileType = sourcecode.swift; path = AlertMessageViewController.swift; sourceTree = "<group>"; };
		F61165ED2A98A3B400FE5EA2 /* LeftMessagesCell-ipad.xib */ = {isa = PBXFileReference; lastKnownFileType = file.xib; path = "LeftMessagesCell-ipad.xib"; sourceTree = "<group>"; };
		F61165EF2A98A3BC00FE5EA2 /* RightMessagesCell-ipad.xib */ = {isa = PBXFileReference; lastKnownFileType = file.xib; path = "RightMessagesCell-ipad.xib"; sourceTree = "<group>"; };
		F61C2E9A2A7172DB00CC77A2 /* ChatModel.swift */ = {isa = PBXFileReference; lastKnownFileType = sourcecode.swift; path = ChatModel.swift; sourceTree = "<group>"; };
		F655E2BA2A49C2A100C7C25A /* MenuHeaderView.swift */ = {isa = PBXFileReference; lastKnownFileType = sourcecode.swift; path = MenuHeaderView.swift; sourceTree = "<group>"; };
		F655E2BC2A49C36300C7C25A /* MenuCellType.swift */ = {isa = PBXFileReference; lastKnownFileType = sourcecode.swift; path = MenuCellType.swift; sourceTree = "<group>"; };
		F655E2BE2A49C38A00C7C25A /* MenuModel.swift */ = {isa = PBXFileReference; lastKnownFileType = sourcecode.swift; path = MenuModel.swift; sourceTree = "<group>"; };
		F659EFCE2A60024400ECE98A /* Main-ipad.storyboard */ = {isa = PBXFileReference; lastKnownFileType = file.storyboard; path = "Main-ipad.storyboard"; sourceTree = "<group>"; };
		F659EFD02A60079D00ECE98A /* MessageInfoCell-ipad.xib */ = {isa = PBXFileReference; lastKnownFileType = file.xib; path = "MessageInfoCell-ipad.xib"; sourceTree = "<group>"; };
		F659EFD22A6007AB00ECE98A /* MainMessageCell-ipad.xib */ = {isa = PBXFileReference; lastKnownFileType = file.xib; path = "MainMessageCell-ipad.xib"; sourceTree = "<group>"; };
		F659EFD72A600C5B00ECE98A /* StoryboardFabric.swift */ = {isa = PBXFileReference; lastKnownFileType = sourcecode.swift; path = StoryboardFabric.swift; sourceTree = "<group>"; };
		F659EFDA2A60173E00ECE98A /* GetCodeView.xib */ = {isa = PBXFileReference; lastKnownFileType = file.xib; path = GetCodeView.xib; sourceTree = "<group>"; };
		F659EFDF2A60198800ECE98A /* GetCodeView.swift */ = {isa = PBXFileReference; lastKnownFileType = sourcecode.swift; path = GetCodeView.swift; sourceTree = "<group>"; };
		F65CE1402A497B05003E4E3F /* TextField.swift */ = {isa = PBXFileReference; lastKnownFileType = sourcecode.swift; path = TextField.swift; sourceTree = "<group>"; };
		F65CE1422A49C11B003E4E3F /* MenuHeaderView.xib */ = {isa = PBXFileReference; lastKnownFileType = file.xib; path = MenuHeaderView.xib; sourceTree = "<group>"; };
		F67741712A7168B0001A1D63 /* LeftMessagesCell.xib */ = {isa = PBXFileReference; lastKnownFileType = file.xib; path = LeftMessagesCell.xib; sourceTree = "<group>"; };
		F67741732A7168BE001A1D63 /* RightMessagesCell.xib */ = {isa = PBXFileReference; lastKnownFileType = file.xib; path = RightMessagesCell.xib; sourceTree = "<group>"; };
		F67741762A7168EC001A1D63 /* LeftMessagesCell.swift */ = {isa = PBXFileReference; lastKnownFileType = sourcecode.swift; path = LeftMessagesCell.swift; sourceTree = "<group>"; };
		F67741782A7168F8001A1D63 /* RightMessagesCell.swift */ = {isa = PBXFileReference; lastKnownFileType = sourcecode.swift; path = RightMessagesCell.swift; sourceTree = "<group>"; };
		F6800C4B2A4974E7001FB2E5 /* AskQuestionViewController.swift */ = {isa = PBXFileReference; lastKnownFileType = sourcecode.swift; path = AskQuestionViewController.swift; sourceTree = "<group>"; };
		F6800C4E2A497628001FB2E5 /* Montserrat-Medium.ttf */ = {isa = PBXFileReference; lastKnownFileType = file; path = "Montserrat-Medium.ttf"; sourceTree = "<group>"; };
		F6800C4F2A497628001FB2E5 /* Montserrat-Regular.ttf */ = {isa = PBXFileReference; lastKnownFileType = file; path = "Montserrat-Regular.ttf"; sourceTree = "<group>"; };
		F6800C502A497628001FB2E5 /* Montserrat-Light.ttf */ = {isa = PBXFileReference; lastKnownFileType = file; path = "Montserrat-Light.ttf"; sourceTree = "<group>"; };
		F6800C512A497628001FB2E5 /* Montserrat-SemiBold.ttf */ = {isa = PBXFileReference; lastKnownFileType = file; path = "Montserrat-SemiBold.ttf"; sourceTree = "<group>"; };
		F6800C522A497628001FB2E5 /* Montserrat-ExtraLight.ttf */ = {isa = PBXFileReference; lastKnownFileType = file; path = "Montserrat-ExtraLight.ttf"; sourceTree = "<group>"; };
		F6800C532A497628001FB2E5 /* Montserrat-Bold.ttf */ = {isa = PBXFileReference; lastKnownFileType = file; path = "Montserrat-Bold.ttf"; sourceTree = "<group>"; };
		F685E6FD2A5576B100C7F457 /* MessageInfoCell.swift */ = {isa = PBXFileReference; lastKnownFileType = sourcecode.swift; path = MessageInfoCell.swift; sourceTree = "<group>"; };
		F685E7002A5576C800C7F457 /* MessageInfoCell.xib */ = {isa = PBXFileReference; lastKnownFileType = file.xib; path = MessageInfoCell.xib; sourceTree = "<group>"; };
		F685E7052A557E0300C7F457 /* MainMessageCell.swift */ = {isa = PBXFileReference; lastKnownFileType = sourcecode.swift; path = MainMessageCell.swift; sourceTree = "<group>"; };
		F685E7072A557E1000C7F457 /* MainMessageCell.xib */ = {isa = PBXFileReference; lastKnownFileType = file.xib; path = MainMessageCell.xib; sourceTree = "<group>"; };
		F685E7092A55899500C7F457 /* MessagesCellType.swift */ = {isa = PBXFileReference; lastKnownFileType = sourcecode.swift; path = MessagesCellType.swift; sourceTree = "<group>"; };
		F685E70F2A558BA700C7F457 /* AlertMessagesModel.swift */ = {isa = PBXFileReference; lastKnownFileType = sourcecode.swift; path = AlertMessagesModel.swift; sourceTree = "<group>"; };
		F685E7112A558BCD00C7F457 /* MessagesModel.swift */ = {isa = PBXFileReference; lastKnownFileType = sourcecode.swift; path = MessagesModel.swift; sourceTree = "<group>"; };
		F685E7132A559D8500C7F457 /* TextViewMessage.swift */ = {isa = PBXFileReference; lastKnownFileType = sourcecode.swift; path = TextViewMessage.swift; sourceTree = "<group>"; };
		F685E7162A55F5D700C7F457 /* Archive.storyboard */ = {isa = PBXFileReference; lastKnownFileType = file.storyboard; path = Archive.storyboard; sourceTree = "<group>"; };
		F685E7182A55F74E00C7F457 /* ArchiveViewController.swift */ = {isa = PBXFileReference; lastKnownFileType = sourcecode.swift; path = ArchiveViewController.swift; sourceTree = "<group>"; };
		F685E71E2A55F7B200C7F457 /* ArchiveMessagesCell.swift */ = {isa = PBXFileReference; lastKnownFileType = sourcecode.swift; path = ArchiveMessagesCell.swift; sourceTree = "<group>"; };
		F685E7202A55FAE800C7F457 /* InformationMessagesCell.xib */ = {isa = PBXFileReference; lastKnownFileType = file.xib; path = InformationMessagesCell.xib; sourceTree = "<group>"; };
		F685E7222A55FAFB00C7F457 /* InformationMessagesCell.swift */ = {isa = PBXFileReference; lastKnownFileType = sourcecode.swift; path = InformationMessagesCell.swift; sourceTree = "<group>"; };
		F685E7262A55FDD900C7F457 /* ArchiveCellType.swift */ = {isa = PBXFileReference; lastKnownFileType = sourcecode.swift; path = ArchiveCellType.swift; sourceTree = "<group>"; };
		F685E7292A55FE7400C7F457 /* ArchiveModel.swift */ = {isa = PBXFileReference; lastKnownFileType = sourcecode.swift; path = ArchiveModel.swift; sourceTree = "<group>"; };
		F685E72B2A55FEC000C7F457 /* InformationMessageModel.swift */ = {isa = PBXFileReference; lastKnownFileType = sourcecode.swift; path = InformationMessageModel.swift; sourceTree = "<group>"; };
		F685E72D2A55FF1600C7F457 /* MessageModel.swift */ = {isa = PBXFileReference; lastKnownFileType = sourcecode.swift; path = MessageModel.swift; sourceTree = "<group>"; };
		F6ABCE812A46E3DA00ECFE16 /* DrawerMenuViewController.swift */ = {isa = PBXFileReference; lastKnownFileType = sourcecode.swift; path = DrawerMenuViewController.swift; sourceTree = "<group>"; };
		F6ABCE832A46E42800ECFE16 /* DrawerTransitionManager.swift */ = {isa = PBXFileReference; lastKnownFileType = sourcecode.swift; path = DrawerTransitionManager.swift; sourceTree = "<group>"; };
		F6ABCE862A46E47D00ECFE16 /* DrawerSlideAnimation.swift */ = {isa = PBXFileReference; lastKnownFileType = sourcecode.swift; path = DrawerSlideAnimation.swift; sourceTree = "<group>"; };
		F6ABCE892A46E4AC00ECFE16 /* DrawerPresentationController.swift */ = {isa = PBXFileReference; lastKnownFileType = sourcecode.swift; path = DrawerPresentationController.swift; sourceTree = "<group>"; };
		F6ABCE8B2A48655B00ECFE16 /* SettingsViewController.swift */ = {isa = PBXFileReference; lastKnownFileType = sourcecode.swift; path = SettingsViewController.swift; sourceTree = "<group>"; };
		F6ABCE8F2A486F0400ECFE16 /* CustomFieldCell.xib */ = {isa = PBXFileReference; lastKnownFileType = file.xib; path = CustomFieldCell.xib; sourceTree = "<group>"; };
		F6ABCE912A486F1100ECFE16 /* SwitcherCell.xib */ = {isa = PBXFileReference; lastKnownFileType = file.xib; path = SwitcherCell.xib; sourceTree = "<group>"; };
		F6ABCE932A486F2A00ECFE16 /* SwitcherCell.swift */ = {isa = PBXFileReference; lastKnownFileType = sourcecode.swift; path = SwitcherCell.swift; sourceTree = "<group>"; };
		F6ABCE952A486F3A00ECFE16 /* CustomFieldCell.swift */ = {isa = PBXFileReference; lastKnownFileType = sourcecode.swift; path = CustomFieldCell.swift; sourceTree = "<group>"; };
		F6ABCE9B2A48710A00ECFE16 /* SettingsHeaderView.xib */ = {isa = PBXFileReference; lastKnownFileType = file.xib; path = SettingsHeaderView.xib; sourceTree = "<group>"; };
		F6ABCE9F2A48719400ECFE16 /* SettingsHeaderView.swift */ = {isa = PBXFileReference; lastKnownFileType = sourcecode.swift; path = SettingsHeaderView.swift; sourceTree = "<group>"; };
		F6ABCEA12A48724200ECFE16 /* SectionModel.swift */ = {isa = PBXFileReference; lastKnownFileType = sourcecode.swift; path = SectionModel.swift; sourceTree = "<group>"; };
		F6C5ADC92A603CD70058C8AF /* NetworkManager.swift */ = {isa = PBXFileReference; lastKnownFileType = sourcecode.swift; path = NetworkManager.swift; sourceTree = "<group>"; };
		F6C5ADCC2A6045940058C8AF /* CodeRequest.swift */ = {isa = PBXFileReference; lastKnownFileType = sourcecode.swift; path = CodeRequest.swift; sourceTree = "<group>"; };
		F6C5ADD22A617BBD0058C8AF /* en */ = {isa = PBXFileReference; lastKnownFileType = text.plist.strings; name = en; path = en.lproj/Localizable.strings; sourceTree = "<group>"; };
		F6C5ADD42A617BCD0058C8AF /* ru */ = {isa = PBXFileReference; lastKnownFileType = text.plist.strings; name = ru; path = ru.lproj/Localizable.strings; sourceTree = "<group>"; };
		F6C5ADD52A617BF30058C8AF /* es */ = {isa = PBXFileReference; lastKnownFileType = text.plist.strings; name = es; path = es.lproj/Localizable.strings; sourceTree = "<group>"; };
		F6C5ADD62A617C0E0058C8AF /* ur */ = {isa = PBXFileReference; lastKnownFileType = text.plist.strings; name = ur; path = ur.lproj/Localizable.strings; sourceTree = "<group>"; };
		F6C5ADD72A631DAA0058C8AF /* ServerResponse.swift */ = {isa = PBXFileReference; lastKnownFileType = sourcecode.swift; path = ServerResponse.swift; sourceTree = "<group>"; };
		F6C5ADD92A6320700058C8AF /* CodeRequestVerify.swift */ = {isa = PBXFileReference; lastKnownFileType = sourcecode.swift; path = CodeRequestVerify.swift; sourceTree = "<group>"; };
		F6CEEE962A53110F00B2E1EE /* SelectionViewController.swift */ = {isa = PBXFileReference; lastKnownFileType = sourcecode.swift; path = SelectionViewController.swift; sourceTree = "<group>"; };
		F6CEEE982A53118900B2E1EE /* SelectionModel.swift */ = {isa = PBXFileReference; lastKnownFileType = sourcecode.swift; path = SelectionModel.swift; sourceTree = "<group>"; };
		F6CEEE9B2A53216400B2E1EE /* TypeModel.swift */ = {isa = PBXFileReference; lastKnownFileType = sourcecode.swift; path = TypeModel.swift; sourceTree = "<group>"; };
		F6CEEE9D2A53217600B2E1EE /* LanguageModel.swift */ = {isa = PBXFileReference; lastKnownFileType = sourcecode.swift; path = LanguageModel.swift; sourceTree = "<group>"; };
		F6D5D9662A72913D00A8053B /* InformationMessagesCell-ipad.xib */ = {isa = PBXFileReference; lastKnownFileType = file.xib; path = "InformationMessagesCell-ipad.xib"; sourceTree = "<group>"; };
		F6D5D9682A72932F00A8053B /* SwitcherCell-ipad.xib */ = {isa = PBXFileReference; lastKnownFileType = file.xib; path = "SwitcherCell-ipad.xib"; sourceTree = "<group>"; };
		F6D5D96A2A72936400A8053B /* CustomFieldCell-ipad.xib */ = {isa = PBXFileReference; lastKnownFileType = file.xib; path = "CustomFieldCell-ipad.xib"; sourceTree = "<group>"; };
		F6D5D96C2A72943000A8053B /* SelectionCell-ipad.xib */ = {isa = PBXFileReference; lastKnownFileType = file.xib; path = "SelectionCell-ipad.xib"; sourceTree = "<group>"; };
		F6D5D96E2A72945000A8053B /* MenuCell-ipad.xib */ = {isa = PBXFileReference; lastKnownFileType = file.xib; name = "MenuCell-ipad.xib"; path = "../Ipad/MenuCell-ipad.xib"; sourceTree = "<group>"; };
		F6D5D9702A7294AD00A8053B /* Archive-ipad.storyboard */ = {isa = PBXFileReference; lastKnownFileType = file.storyboard; path = "Archive-ipad.storyboard"; sourceTree = "<group>"; };
		F6D5D9722A72972B00A8053B /* SettingsHeaderView-ipad.xib */ = {isa = PBXFileReference; lastKnownFileType = file.xib; path = "SettingsHeaderView-ipad.xib"; sourceTree = "<group>"; };
		F6D5D9742A72975000A8053B /* MenuHeaderView-ipad.xib */ = {isa = PBXFileReference; lastKnownFileType = file.xib; path = "MenuHeaderView-ipad.xib"; sourceTree = "<group>"; };
		F6D5D9762A729A1600A8053B /* GetCodeView-ipad.xib */ = {isa = PBXFileReference; lastKnownFileType = file.xib; path = "GetCodeView-ipad.xib"; sourceTree = "<group>"; };
		F6DE8D982A45C7BA0026E1E5 /* EventApp.app */ = {isa = PBXFileReference; explicitFileType = wrapper.application; includeInIndex = 0; path = EventApp.app; sourceTree = BUILT_PRODUCTS_DIR; };
		F6DE8D9B2A45C7BA0026E1E5 /* AppDelegate.swift */ = {isa = PBXFileReference; lastKnownFileType = sourcecode.swift; path = AppDelegate.swift; sourceTree = "<group>"; };
		F6DE8D9D2A45C7BA0026E1E5 /* SceneDelegate.swift */ = {isa = PBXFileReference; lastKnownFileType = sourcecode.swift; path = SceneDelegate.swift; sourceTree = "<group>"; };
		F6DE8D9F2A45C7BA0026E1E5 /* MainViewController.swift */ = {isa = PBXFileReference; lastKnownFileType = sourcecode.swift; path = MainViewController.swift; sourceTree = "<group>"; };
		F6DE8DA22A45C7BA0026E1E5 /* Base */ = {isa = PBXFileReference; lastKnownFileType = file.storyboard; name = Base; path = Base.lproj/Main.storyboard; sourceTree = "<group>"; };
		F6DE8DA42A45C7BB0026E1E5 /* Assets.xcassets */ = {isa = PBXFileReference; lastKnownFileType = folder.assetcatalog; path = Assets.xcassets; sourceTree = "<group>"; };
		F6DE8DA72A45C7BB0026E1E5 /* Base */ = {isa = PBXFileReference; lastKnownFileType = file.storyboard; name = Base; path = Base.lproj/LaunchScreen.storyboard; sourceTree = "<group>"; };
		F6DE8DA92A45C7BB0026E1E5 /* Info.plist */ = {isa = PBXFileReference; lastKnownFileType = text.plist.xml; path = Info.plist; sourceTree = "<group>"; };
		F6DE8DAE2A45C7BB0026E1E5 /* EventAppTests.xctest */ = {isa = PBXFileReference; explicitFileType = wrapper.cfbundle; includeInIndex = 0; path = EventAppTests.xctest; sourceTree = BUILT_PRODUCTS_DIR; };
		F6DE8DB22A45C7BB0026E1E5 /* EventAppTests.swift */ = {isa = PBXFileReference; lastKnownFileType = sourcecode.swift; path = EventAppTests.swift; sourceTree = "<group>"; };
		F6DE8DB82A45C7BB0026E1E5 /* EventAppUITests.xctest */ = {isa = PBXFileReference; explicitFileType = wrapper.cfbundle; includeInIndex = 0; path = EventAppUITests.xctest; sourceTree = BUILT_PRODUCTS_DIR; };
		F6DE8DBC2A45C7BB0026E1E5 /* EventAppUITests.swift */ = {isa = PBXFileReference; lastKnownFileType = sourcecode.swift; path = EventAppUITests.swift; sourceTree = "<group>"; };
		F6DE8DBE2A45C7BB0026E1E5 /* EventAppUITestsLaunchTests.swift */ = {isa = PBXFileReference; lastKnownFileType = sourcecode.swift; path = EventAppUITestsLaunchTests.swift; sourceTree = "<group>"; };
		F6E5827C2A45D9720041BD38 /* MessagesViewController.swift */ = {isa = PBXFileReference; lastKnownFileType = sourcecode.swift; path = MessagesViewController.swift; sourceTree = "<group>"; };
		F6F71DA92A4F2C1500BFAED4 /* MenuCell.xib */ = {isa = PBXFileReference; lastKnownFileType = file.xib; path = MenuCell.xib; sourceTree = "<group>"; };
		F6F71DAC2A4F2CE300BFAED4 /* MenuCell.swift */ = {isa = PBXFileReference; lastKnownFileType = sourcecode.swift; path = MenuCell.swift; sourceTree = "<group>"; };
		F6F71DB02A530EF400BFAED4 /* SelectionCell.xib */ = {isa = PBXFileReference; lastKnownFileType = file.xib; path = SelectionCell.xib; sourceTree = "<group>"; };
		F6F71DB22A530FAD00BFAED4 /* SelectionCell.swift */ = {isa = PBXFileReference; lastKnownFileType = sourcecode.swift; path = SelectionCell.swift; sourceTree = "<group>"; };
/* End PBXFileReference section */

/* Begin PBXFrameworksBuildPhase section */
		F6DE8D952A45C7BA0026E1E5 /* Frameworks */ = {
			isa = PBXFrameworksBuildPhase;
			buildActionMask = 2147483647;
			files = (
				F659EFE62A601CEB00ECE98A /* SwiftEntryKit in Frameworks */,
				F614B9272A668C89000289E3 /* IQKeyboardManagerSwift in Frameworks */,
				11B6140D2A8B5A7300834221 /* FirebaseMessaging in Frameworks */,
				11769E212A72900C008237D6 /* KeychainSwift in Frameworks */,
				F659EFCC2A5FFE0C00ECE98A /* IHProgressHUD in Frameworks */,
				F659EFDE2A60186400ECE98A /* SGCodeTextField in Frameworks */,
				11769E292A72979A008237D6 /* Swinject in Frameworks */,
			);
			runOnlyForDeploymentPostprocessing = 0;
		};
		F6DE8DAB2A45C7BB0026E1E5 /* Frameworks */ = {
			isa = PBXFrameworksBuildPhase;
			buildActionMask = 2147483647;
			files = (
			);
			runOnlyForDeploymentPostprocessing = 0;
		};
		F6DE8DB52A45C7BB0026E1E5 /* Frameworks */ = {
			isa = PBXFrameworksBuildPhase;
			buildActionMask = 2147483647;
			files = (
			);
			runOnlyForDeploymentPostprocessing = 0;
		};
/* End PBXFrameworksBuildPhase section */

/* Begin PBXGroup section */
		11769E162A7289AB008237D6 /* Extensions */ = {
			isa = PBXGroup;
			children = (
				11769E172A7289B6008237D6 /* String+Localization.swift */,
				111B90B52A976C8C0046593C /* UIViewController+showAlert.swift */,
			);
			path = Extensions;
			sourceTree = "<group>";
		};
		11769E192A728DAC008237D6 /* Requests */ = {
			isa = PBXGroup;
			children = (
				F6C5ADD92A6320700058C8AF /* CodeRequestVerify.swift */,
				F6C5ADCC2A6045940058C8AF /* CodeRequest.swift */,
				11F6FF872A84F58A0050EB2F /* TicketCreateRequest.swift */,
				11B614052A8AB75C00834221 /* SaveTokenRequest.swift */,
				111B90B32A976BC60046593C /* UpdatePhoneRequest.swift */,
			);
			path = Requests;
			sourceTree = "<group>";
		};
		11769E1A2A728DB5008237D6 /* Responses */ = {
			isa = PBXGroup;
			children = (
				11769E1B2A728DE1008237D6 /* CodeVerifyResponse.swift */,
				11769E2A2A729A79008237D6 /* ProfileModelResponse.swift */,
				11D303732A77F68600BD7B27 /* NotificationResponseModel.swift */,
				111B90B92A9795940046593C /* ChatMessageModelResponse.swift */,
			);
			path = Responses;
			sourceTree = "<group>";
		};
		11769E222A729275008237D6 /* Storage */ = {
			isa = PBXGroup;
			children = (
				11769E232A72927E008237D6 /* SecuredStorage.swift */,
				11769E252A72928A008237D6 /* LocalStorageKey.swift */,
			);
			path = Storage;
			sourceTree = "<group>";
		};
		11769E342A76B576008237D6 /* TableViewForm */ = {
			isa = PBXGroup;
			children = (
				11769E3B2A76B5D4008237D6 /* SwitcherStateSectionModel.swift */,
				11769E3D2A76B5E3008237D6 /* StateModel.swift */,
				11D3036F2A77AF2400BD7B27 /* ItemStateable.swift */,
				11D303712A77B34300BD7B27 /* TextFieldStateSectionModel.swift */,
			);
			path = TableViewForm;
			sourceTree = "<group>";
		};
		F659EFCD2A60023500ECE98A /* Ipad */ = {
			isa = PBXGroup;
			children = (
				F659EFCE2A60024400ECE98A /* Main-ipad.storyboard */,
				F6D5D9702A7294AD00A8053B /* Archive-ipad.storyboard */,
			);
			path = Ipad;
			sourceTree = "<group>";
		};
		F659EFD42A600C3300ECE98A /* Fabrics */ = {
			isa = PBXGroup;
			children = (
				F659EFD72A600C5B00ECE98A /* StoryboardFabric.swift */,
			);
			path = Fabrics;
			sourceTree = "<group>";
		};
		F659EFD92A60172B00ECE98A /* Views */ = {
			isa = PBXGroup;
			children = (
				F659EFDA2A60173E00ECE98A /* GetCodeView.xib */,
				F6D5D9762A729A1600A8053B /* GetCodeView-ipad.xib */,
			);
			path = Views;
			sourceTree = "<group>";
		};
		F65CE13F2A497AF8003E4E3F /* ViewTextField */ = {
			isa = PBXGroup;
			children = (
				F65CE1402A497B05003E4E3F /* TextField.swift */,
			);
			path = ViewTextField;
			sourceTree = "<group>";
		};
		F67741702A7168A0001A1D63 /* MassagesCell */ = {
			isa = PBXGroup;
			children = (
				F67741712A7168B0001A1D63 /* LeftMessagesCell.xib */,
				F67741732A7168BE001A1D63 /* RightMessagesCell.xib */,
				F61165ED2A98A3B400FE5EA2 /* LeftMessagesCell-ipad.xib */,
				F61165EF2A98A3BC00FE5EA2 /* RightMessagesCell-ipad.xib */,
			);
			path = MassagesCell;
			sourceTree = "<group>";
		};
		F67741752A7168D6001A1D63 /* MessagesCell */ = {
			isa = PBXGroup;
			children = (
				F67741762A7168EC001A1D63 /* LeftMessagesCell.swift */,
				F67741782A7168F8001A1D63 /* RightMessagesCell.swift */,
				11E714262A9895C500B3C6EA /* MessageCell.swift */,
			);
			path = MessagesCell;
			sourceTree = "<group>";
		};
		F6800C4D2A497600001FB2E5 /* Fonts */ = {
			isa = PBXGroup;
			children = (
				F6800C532A497628001FB2E5 /* Montserrat-Bold.ttf */,
				F6800C522A497628001FB2E5 /* Montserrat-ExtraLight.ttf */,
				F6800C502A497628001FB2E5 /* Montserrat-Light.ttf */,
				F6800C4E2A497628001FB2E5 /* Montserrat-Medium.ttf */,
				F6800C4F2A497628001FB2E5 /* Montserrat-Regular.ttf */,
				F6800C512A497628001FB2E5 /* Montserrat-SemiBold.ttf */,
			);
			path = Fonts;
			sourceTree = "<group>";
		};
		F685E6FF2A5576B900C7F457 /* Messages */ = {
			isa = PBXGroup;
			children = (
				F685E7002A5576C800C7F457 /* MessageInfoCell.xib */,
				F659EFD02A60079D00ECE98A /* MessageInfoCell-ipad.xib */,
				F685E7072A557E1000C7F457 /* MainMessageCell.xib */,
				F659EFD22A6007AB00ECE98A /* MainMessageCell-ipad.xib */,
			);
			path = Messages;
			sourceTree = "<group>";
		};
		F685E7022A5576D400C7F457 /* Settings */ = {
			isa = PBXGroup;
			children = (
				F6ABCE912A486F1100ECFE16 /* SwitcherCell.xib */,
				F6D5D9682A72932F00A8053B /* SwitcherCell-ipad.xib */,
				F6ABCE8F2A486F0400ECFE16 /* CustomFieldCell.xib */,
				F6D5D96A2A72936400A8053B /* CustomFieldCell-ipad.xib */,
			);
			path = Settings;
			sourceTree = "<group>";
		};
		F685E70B2A558AA500C7F457 /* Messages */ = {
			isa = PBXGroup;
			children = (
				F685E7092A55899500C7F457 /* MessagesCellType.swift */,
				F685E70F2A558BA700C7F457 /* AlertMessagesModel.swift */,
				F685E7112A558BCD00C7F457 /* MessagesModel.swift */,
			);
			path = Messages;
			sourceTree = "<group>";
		};
		F685E7152A559D8C00C7F457 /* Views */ = {
			isa = PBXGroup;
			children = (
				F685E7132A559D8500C7F457 /* TextViewMessage.swift */,
				F659EFDF2A60198800ECE98A /* GetCodeView.swift */,
			);
			path = Views;
			sourceTree = "<group>";
		};
		F685E71A2A55F78800C7F457 /* Archive */ = {
			isa = PBXGroup;
			children = (
				F685E7202A55FAE800C7F457 /* InformationMessagesCell.xib */,
				F6D5D9662A72913D00A8053B /* InformationMessagesCell-ipad.xib */,
			);
			path = Archive;
			sourceTree = "<group>";
		};
		F685E71D2A55F7A400C7F457 /* Archive */ = {
			isa = PBXGroup;
			children = (
				F685E71E2A55F7B200C7F457 /* ArchiveMessagesCell.swift */,
				F685E7222A55FAFB00C7F457 /* InformationMessagesCell.swift */,
			);
			path = Archive;
			sourceTree = "<group>";
		};
		F685E7242A55FCA400C7F457 /* Messages */ = {
			isa = PBXGroup;
			children = (
				F685E7052A557E0300C7F457 /* MainMessageCell.swift */,
				F685E6FD2A5576B100C7F457 /* MessageInfoCell.swift */,
			);
			path = Messages;
			sourceTree = "<group>";
		};
		F685E7252A55FDB700C7F457 /* Settings */ = {
			isa = PBXGroup;
			children = (
				F6ABCE932A486F2A00ECFE16 /* SwitcherCell.swift */,
				F6ABCE952A486F3A00ECFE16 /* CustomFieldCell.swift */,
			);
			path = Settings;
			sourceTree = "<group>";
		};
		F685E7282A55FE0400C7F457 /* Archive */ = {
			isa = PBXGroup;
			children = (
				F685E7262A55FDD900C7F457 /* ArchiveCellType.swift */,
				F685E7292A55FE7400C7F457 /* ArchiveModel.swift */,
				F685E72B2A55FEC000C7F457 /* InformationMessageModel.swift */,
				F685E72D2A55FF1600C7F457 /* MessageModel.swift */,
			);
			path = Archive;
			sourceTree = "<group>";
		};
		F685E7312A56060D00C7F457 /* DrawerMenu */ = {
			isa = PBXGroup;
			children = (
				F655E2BC2A49C36300C7C25A /* MenuCellType.swift */,
			);
			path = DrawerMenu;
			sourceTree = "<group>";
		};
		F6ABCE7F2A46E3A100ECFE16 /* DrawerMenu */ = {
			isa = PBXGroup;
			children = (
				F6ABCE882A46E49700ECFE16 /* DrawerPresentationController */,
				F6ABCE852A46E46C00ECFE16 /* SlideAnimation */,
				F6ABCE832A46E42800ECFE16 /* DrawerTransitionManager.swift */,
				F6ABCE802A46E3B300ECFE16 /* DrawerMenuController */,
			);
			path = DrawerMenu;
			sourceTree = "<group>";
		};
		F6ABCE802A46E3B300ECFE16 /* DrawerMenuController */ = {
			isa = PBXGroup;
			children = (
				F6ABCE812A46E3DA00ECFE16 /* DrawerMenuViewController.swift */,
			);
			path = DrawerMenuController;
			sourceTree = "<group>";
		};
		F6ABCE852A46E46C00ECFE16 /* SlideAnimation */ = {
			isa = PBXGroup;
			children = (
				F6ABCE862A46E47D00ECFE16 /* DrawerSlideAnimation.swift */,
			);
			path = SlideAnimation;
			sourceTree = "<group>";
		};
		F6ABCE882A46E49700ECFE16 /* DrawerPresentationController */ = {
			isa = PBXGroup;
			children = (
				F6ABCE892A46E4AC00ECFE16 /* DrawerPresentationController.swift */,
			);
			path = DrawerPresentationController;
			sourceTree = "<group>";
		};
		F6ABCE8D2A486EC800ECFE16 /* Cells */ = {
			isa = PBXGroup;
			children = (
				F67741752A7168D6001A1D63 /* MessagesCell */,
				F685E7252A55FDB700C7F457 /* Settings */,
				F685E7242A55FCA400C7F457 /* Messages */,
				F685E71D2A55F7A400C7F457 /* Archive */,
				F6F71DAB2A4F2CD100BFAED4 /* MenuCell */,
				F6F71DB22A530FAD00BFAED4 /* SelectionCell.swift */,
			);
			path = Cells;
			sourceTree = "<group>";
		};
		F6ABCE8E2A486ED700ECFE16 /* Cell */ = {
			isa = PBXGroup;
			children = (
				F67741702A7168A0001A1D63 /* MassagesCell */,
				F685E71A2A55F78800C7F457 /* Archive */,
				F685E7022A5576D400C7F457 /* Settings */,
				F685E6FF2A5576B900C7F457 /* Messages */,
				F6F71DAF2A530EE600BFAED4 /* Selection */,
				F6F71DA82A4F2C0B00BFAED4 /* MenuCell */,
			);
			path = Cell;
			sourceTree = "<group>";
		};
		F6ABCE972A4870A300ECFE16 /* Models */ = {
			isa = PBXGroup;
			children = (
				11769E1A2A728DB5008237D6 /* Responses */,
				11769E192A728DAC008237D6 /* Requests */,
				F6C5ADCB2A6045790058C8AF /* Models */,
				F6ABCEA32A48727400ECFE16 /* Enums */,
				F6C5ADD72A631DAA0058C8AF /* ServerResponse.swift */,
				F61C2E9A2A7172DB00CC77A2 /* ChatModel.swift */,
				111B90BB2A9795A30046593C /* ChatMessageModel.swift */,
			);
			path = Models;
			sourceTree = "<group>";
		};
		F6ABCE9A2A4870F600ECFE16 /* HeaderFooters */ = {
			isa = PBXGroup;
			children = (
				F6ABCE9B2A48710A00ECFE16 /* SettingsHeaderView.xib */,
				F65CE1422A49C11B003E4E3F /* MenuHeaderView.xib */,
				F6D5D9722A72972B00A8053B /* SettingsHeaderView-ipad.xib */,
				F6D5D9742A72975000A8053B /* MenuHeaderView-ipad.xib */,
			);
			path = HeaderFooters;
			sourceTree = "<group>";
		};
		F6ABCE9E2A48717100ECFE16 /* Classes */ = {
			isa = PBXGroup;
			children = (
				11769E342A76B576008237D6 /* TableViewForm */,
				F659EFD42A600C3300ECE98A /* Fabrics */,
				F685E7152A559D8C00C7F457 /* Views */,
				F6ABCE8D2A486EC800ECFE16 /* Cells */,
				F6ABCE7F2A46E3A100ECFE16 /* DrawerMenu */,
				F6F71DAE2A530E6D00BFAED4 /* Headers */,
				F6DE8DCB2A45C9350026E1E5 /* ViewControllers */,
				F65CE13F2A497AF8003E4E3F /* ViewTextField */,
			);
			path = Classes;
			sourceTree = "<group>";
		};
		F6ABCEA32A48727400ECFE16 /* Enums */ = {
			isa = PBXGroup;
			children = (
				F685E7312A56060D00C7F457 /* DrawerMenu */,
				F685E7282A55FE0400C7F457 /* Archive */,
				F685E70B2A558AA500C7F457 /* Messages */,
			);
			path = Enums;
			sourceTree = "<group>";
		};
		F6C5ADC82A603CBA0058C8AF /* Managers */ = {
			isa = PBXGroup;
			children = (
				F6C5ADC92A603CD70058C8AF /* NetworkManager.swift */,
				11769E1D2A728F3E008237D6 /* UserManager.swift */,
				11B614092A8ABA8B00834221 /* NotificationPermissionManager.swift */,
				111B90AF2A974A7A0046593C /* NotificiationManager.swift */,
			);
			path = Managers;
			sourceTree = "<group>";
		};
		F6C5ADCB2A6045790058C8AF /* Models */ = {
			isa = PBXGroup;
			children = (
				F6ABCEA12A48724200ECFE16 /* SectionModel.swift */,
				F655E2BE2A49C38A00C7C25A /* MenuModel.swift */,
				F6CEEE982A53118900B2E1EE /* SelectionModel.swift */,
				F6CEEE9B2A53216400B2E1EE /* TypeModel.swift */,
				F6CEEE9D2A53217600B2E1EE /* LanguageModel.swift */,
				11769E3F2A76B604008237D6 /* StateType.swift */,
				11F6FF892A84F6380050EB2F /* TicketType.swift */,
			);
			path = Models;
			sourceTree = "<group>";
		};
		F6C5ADCE2A617B870058C8AF /* Localization */ = {
			isa = PBXGroup;
			children = (
				F6C5ADD32A617BBD0058C8AF /* Localizable.strings */,
			);
			path = Localization;
			sourceTree = "<group>";
		};
		F6DE8D8F2A45C7BA0026E1E5 = {
			isa = PBXGroup;
			children = (
				F6DE8D9A2A45C7BA0026E1E5 /* EventApp */,
				F6DE8DB12A45C7BB0026E1E5 /* EventAppTests */,
				F6DE8DBB2A45C7BB0026E1E5 /* EventAppUITests */,
				F6DE8D992A45C7BA0026E1E5 /* Products */,
			);
			sourceTree = "<group>";
		};
		F6DE8D992A45C7BA0026E1E5 /* Products */ = {
			isa = PBXGroup;
			children = (
				F6DE8D982A45C7BA0026E1E5 /* EventApp.app */,
				F6DE8DAE2A45C7BB0026E1E5 /* EventAppTests.xctest */,
				F6DE8DB82A45C7BB0026E1E5 /* EventAppUITests.xctest */,
			);
			name = Products;
			sourceTree = "<group>";
		};
		F6DE8D9A2A45C7BA0026E1E5 /* EventApp */ = {
			isa = PBXGroup;
			children = (
				111B90B12A975D420046593C /* GoogleService-Info.plist */,
				11B614042A8AB48B00834221 /* EventApp.entitlements */,
				11769E222A729275008237D6 /* Storage */,
				11769E162A7289AB008237D6 /* Extensions */,
				F6DE8DA92A45C7BB0026E1E5 /* Info.plist */,
				F6C5ADC82A603CBA0058C8AF /* Managers */,
				F6ABCE972A4870A300ECFE16 /* Models */,
				F6ABCE9E2A48717100ECFE16 /* Classes */,
				F6DE8DCD2A45C9540026E1E5 /* Resources */,
			);
			path = EventApp;
			sourceTree = "<group>";
		};
		F6DE8DB12A45C7BB0026E1E5 /* EventAppTests */ = {
			isa = PBXGroup;
			children = (
				F6DE8DB22A45C7BB0026E1E5 /* EventAppTests.swift */,
			);
			path = EventAppTests;
			sourceTree = "<group>";
		};
		F6DE8DBB2A45C7BB0026E1E5 /* EventAppUITests */ = {
			isa = PBXGroup;
			children = (
				F6DE8DBC2A45C7BB0026E1E5 /* EventAppUITests.swift */,
				F6DE8DBE2A45C7BB0026E1E5 /* EventAppUITestsLaunchTests.swift */,
			);
			path = EventAppUITests;
			sourceTree = "<group>";
		};
		F6DE8DCB2A45C9350026E1E5 /* ViewControllers */ = {
			isa = PBXGroup;
			children = (
				F6DE8D9F2A45C7BA0026E1E5 /* MainViewController.swift */,
				F6E5827C2A45D9720041BD38 /* MessagesViewController.swift */,
				F6ABCE8B2A48655B00ECFE16 /* SettingsViewController.swift */,
				F6800C4B2A4974E7001FB2E5 /* AskQuestionViewController.swift */,
				F685E7182A55F74E00C7F457 /* ArchiveViewController.swift */,
				F6CEEE962A53110F00B2E1EE /* SelectionViewController.swift */,
				11B614072A8ABA6E00834221 /* BaseViewController.swift */,
				F61165EB2A976AE500FE5EA2 /* AlertMessageViewController.swift */,
				111B90B72A9783FF0046593C /* AskQuestionChatViewController.swift */,
			);
			path = ViewControllers;
			sourceTree = "<group>";
		};
		F6DE8DCC2A45C9450026E1E5 /* Storyboards */ = {
			isa = PBXGroup;
			children = (
				F659EFCD2A60023500ECE98A /* Ipad */,
				F6DE8DA12A45C7BA0026E1E5 /* Main.storyboard */,
				F685E7162A55F5D700C7F457 /* Archive.storyboard */,
				F6DE8DA62A45C7BB0026E1E5 /* LaunchScreen.storyboard */,
			);
			path = Storyboards;
			sourceTree = "<group>";
		};
		F6DE8DCD2A45C9540026E1E5 /* Resources */ = {
			isa = PBXGroup;
			children = (
				F659EFD92A60172B00ECE98A /* Views */,
				F6ABCE8E2A486ED700ECFE16 /* Cell */,
				F6DE8DCC2A45C9450026E1E5 /* Storyboards */,
				F6800C4D2A497600001FB2E5 /* Fonts */,
				F6ABCE9A2A4870F600ECFE16 /* HeaderFooters */,
				F6DE8D9B2A45C7BA0026E1E5 /* AppDelegate.swift */,
				F6DE8D9D2A45C7BA0026E1E5 /* SceneDelegate.swift */,
				F6C5ADCE2A617B870058C8AF /* Localization */,
				F6DE8DA42A45C7BB0026E1E5 /* Assets.xcassets */,
			);
			path = Resources;
			sourceTree = "<group>";
		};
		F6F71DA82A4F2C0B00BFAED4 /* MenuCell */ = {
			isa = PBXGroup;
			children = (
				F6D5D96E2A72945000A8053B /* MenuCell-ipad.xib */,
				F6F71DA92A4F2C1500BFAED4 /* MenuCell.xib */,
			);
			path = MenuCell;
			sourceTree = "<group>";
		};
		F6F71DAB2A4F2CD100BFAED4 /* MenuCell */ = {
			isa = PBXGroup;
			children = (
				F6F71DAC2A4F2CE300BFAED4 /* MenuCell.swift */,
			);
			path = MenuCell;
			sourceTree = "<group>";
		};
		F6F71DAE2A530E6D00BFAED4 /* Headers */ = {
			isa = PBXGroup;
			children = (
				F6ABCE9F2A48719400ECFE16 /* SettingsHeaderView.swift */,
				F655E2BA2A49C2A100C7C25A /* MenuHeaderView.swift */,
			);
			path = Headers;
			sourceTree = "<group>";
		};
		F6F71DAF2A530EE600BFAED4 /* Selection */ = {
			isa = PBXGroup;
			children = (
				F6D5D96C2A72943000A8053B /* SelectionCell-ipad.xib */,
				F6F71DB02A530EF400BFAED4 /* SelectionCell.xib */,
			);
			path = Selection;
			sourceTree = "<group>";
		};
/* End PBXGroup section */

/* Begin PBXNativeTarget section */
		F6DE8D972A45C7BA0026E1E5 /* EventApp */ = {
			isa = PBXNativeTarget;
			buildConfigurationList = F6DE8DC22A45C7BB0026E1E5 /* Build configuration list for PBXNativeTarget "EventApp" */;
			buildPhases = (
				F6DE8D942A45C7BA0026E1E5 /* Sources */,
				F6DE8D952A45C7BA0026E1E5 /* Frameworks */,
				F6DE8D962A45C7BA0026E1E5 /* Resources */,
			);
			buildRules = (
			);
			dependencies = (
			);
			name = EventApp;
			packageProductDependencies = (
				F659EFCB2A5FFE0C00ECE98A /* IHProgressHUD */,
				F659EFDD2A60186400ECE98A /* SGCodeTextField */,
				F659EFE52A601CEB00ECE98A /* SwiftEntryKit */,
				F614B9262A668C89000289E3 /* IQKeyboardManagerSwift */,
				11769E202A72900C008237D6 /* KeychainSwift */,
				11769E282A72979A008237D6 /* Swinject */,
				11B6140C2A8B5A7300834221 /* FirebaseMessaging */,
			);
			productName = EventApp;
			productReference = F6DE8D982A45C7BA0026E1E5 /* EventApp.app */;
			productType = "com.apple.product-type.application";
		};
		F6DE8DAD2A45C7BB0026E1E5 /* EventAppTests */ = {
			isa = PBXNativeTarget;
			buildConfigurationList = F6DE8DC52A45C7BB0026E1E5 /* Build configuration list for PBXNativeTarget "EventAppTests" */;
			buildPhases = (
				F6DE8DAA2A45C7BB0026E1E5 /* Sources */,
				F6DE8DAB2A45C7BB0026E1E5 /* Frameworks */,
				F6DE8DAC2A45C7BB0026E1E5 /* Resources */,
			);
			buildRules = (
			);
			dependencies = (
				F6DE8DB02A45C7BB0026E1E5 /* PBXTargetDependency */,
			);
			name = EventAppTests;
			productName = EventAppTests;
			productReference = F6DE8DAE2A45C7BB0026E1E5 /* EventAppTests.xctest */;
			productType = "com.apple.product-type.bundle.unit-test";
		};
		F6DE8DB72A45C7BB0026E1E5 /* EventAppUITests */ = {
			isa = PBXNativeTarget;
			buildConfigurationList = F6DE8DC82A45C7BB0026E1E5 /* Build configuration list for PBXNativeTarget "EventAppUITests" */;
			buildPhases = (
				F6DE8DB42A45C7BB0026E1E5 /* Sources */,
				F6DE8DB52A45C7BB0026E1E5 /* Frameworks */,
				F6DE8DB62A45C7BB0026E1E5 /* Resources */,
			);
			buildRules = (
			);
			dependencies = (
				F6DE8DBA2A45C7BB0026E1E5 /* PBXTargetDependency */,
			);
			name = EventAppUITests;
			productName = EventAppUITests;
			productReference = F6DE8DB82A45C7BB0026E1E5 /* EventAppUITests.xctest */;
			productType = "com.apple.product-type.bundle.ui-testing";
		};
/* End PBXNativeTarget section */

/* Begin PBXProject section */
		F6DE8D902A45C7BA0026E1E5 /* Project object */ = {
			isa = PBXProject;
			attributes = {
				BuildIndependentTargetsInParallel = 1;
				LastSwiftUpdateCheck = 1430;
				LastUpgradeCheck = 1430;
				TargetAttributes = {
					F6DE8D972A45C7BA0026E1E5 = {
						CreatedOnToolsVersion = 14.3;
					};
					F6DE8DAD2A45C7BB0026E1E5 = {
						CreatedOnToolsVersion = 14.3;
						TestTargetID = F6DE8D972A45C7BA0026E1E5;
					};
					F6DE8DB72A45C7BB0026E1E5 = {
						CreatedOnToolsVersion = 14.3;
						TestTargetID = F6DE8D972A45C7BA0026E1E5;
					};
				};
			};
			buildConfigurationList = F6DE8D932A45C7BA0026E1E5 /* Build configuration list for PBXProject "EventApp" */;
			compatibilityVersion = "Xcode 14.0";
			developmentRegion = en;
			hasScannedForEncodings = 0;
			knownRegions = (
				en,
				Base,
				ru,
				es,
				ur,
			);
			mainGroup = F6DE8D8F2A45C7BA0026E1E5;
			packageReferences = (
				F659EFCA2A5FFE0C00ECE98A /* XCRemoteSwiftPackageReference "IHProgressHUD" */,
				F659EFDC2A60186400ECE98A /* XCRemoteSwiftPackageReference "SGCodeTextField" */,
				F659EFE42A601CEB00ECE98A /* XCRemoteSwiftPackageReference "SwiftEntryKit" */,
				F614B9252A668C89000289E3 /* XCRemoteSwiftPackageReference "IQKeyboardManager" */,
				11769E1F2A72900C008237D6 /* XCRemoteSwiftPackageReference "keychain-swift" */,
				11769E272A72979A008237D6 /* XCRemoteSwiftPackageReference "Swinject" */,
				11B6140B2A8B5A7300834221 /* XCRemoteSwiftPackageReference "firebase-ios-sdk" */,
			);
			productRefGroup = F6DE8D992A45C7BA0026E1E5 /* Products */;
			projectDirPath = "";
			projectRoot = "";
			targets = (
				F6DE8D972A45C7BA0026E1E5 /* EventApp */,
				F6DE8DAD2A45C7BB0026E1E5 /* EventAppTests */,
				F6DE8DB72A45C7BB0026E1E5 /* EventAppUITests */,
			);
		};
/* End PBXProject section */

/* Begin PBXResourcesBuildPhase section */
		F6DE8D962A45C7BA0026E1E5 /* Resources */ = {
			isa = PBXResourcesBuildPhase;
			buildActionMask = 2147483647;
			files = (
				F659EFD32A6007AB00ECE98A /* MainMessageCell-ipad.xib in Resources */,
				F6800C562A497A0E001FB2E5 /* Montserrat-Regular.ttf in Resources */,
				F6D5D9692A72932F00A8053B /* SwitcherCell-ipad.xib in Resources */,
				F65CE1432A49C11B003E4E3F /* MenuHeaderView.xib in Resources */,
				F61165F02A98A3BC00FE5EA2 /* RightMessagesCell-ipad.xib in Resources */,
				F6F71DAA2A4F2C1500BFAED4 /* MenuCell.xib in Resources */,
				F6800C592A497A0E001FB2E5 /* Montserrat-ExtraLight.ttf in Resources */,
				F6D5D96F2A72945000A8053B /* MenuCell-ipad.xib in Resources */,
				F6D5D9772A729A1600A8053B /* GetCodeView-ipad.xib in Resources */,
				F6F71DB12A530EF400BFAED4 /* SelectionCell.xib in Resources */,
				F685E7012A5576C900C7F457 /* MessageInfoCell.xib in Resources */,
				F685E7082A557E1000C7F457 /* MainMessageCell.xib in Resources */,
				F659EFCF2A60024400ECE98A /* Main-ipad.storyboard in Resources */,
				F6800C542A497A09001FB2E5 /* Montserrat-Light.ttf in Resources */,
				F6D5D9672A72913D00A8053B /* InformationMessagesCell-ipad.xib in Resources */,
				F6DE8DA82A45C7BB0026E1E5 /* LaunchScreen.storyboard in Resources */,
				F685E7172A55F5D700C7F457 /* Archive.storyboard in Resources */,
				F6ABCE922A486F1100ECFE16 /* SwitcherCell.xib in Resources */,
				F6C5ADD12A617BBD0058C8AF /* Localizable.strings in Resources */,
				F6800C572A497A0E001FB2E5 /* Montserrat-SemiBold.ttf in Resources */,
				F6D5D9732A72972C00A8053B /* SettingsHeaderView-ipad.xib in Resources */,
				F659EFDB2A60173E00ECE98A /* GetCodeView.xib in Resources */,
				F6D5D96D2A72943000A8053B /* SelectionCell-ipad.xib in Resources */,
				F67741722A7168B0001A1D63 /* LeftMessagesCell.xib in Resources */,
				F6DE8DA52A45C7BB0026E1E5 /* Assets.xcassets in Resources */,
				F67741742A7168BE001A1D63 /* RightMessagesCell.xib in Resources */,
				F6D5D96B2A72936400A8053B /* CustomFieldCell-ipad.xib in Resources */,
				F6ABCE9C2A48710A00ECFE16 /* SettingsHeaderView.xib in Resources */,
				F6D5D9752A72975000A8053B /* MenuHeaderView-ipad.xib in Resources */,
				F6DE8DA32A45C7BA0026E1E5 /* Main.storyboard in Resources */,
				F6800C552A497A0E001FB2E5 /* Montserrat-Medium.ttf in Resources */,
				F6D5D9712A7294AD00A8053B /* Archive-ipad.storyboard in Resources */,
				F659EFD12A60079D00ECE98A /* MessageInfoCell-ipad.xib in Resources */,
				F61165EE2A98A3B400FE5EA2 /* LeftMessagesCell-ipad.xib in Resources */,
				F6800C582A497A0E001FB2E5 /* Montserrat-Bold.ttf in Resources */,
				F685E7212A55FAE800C7F457 /* InformationMessagesCell.xib in Resources */,
				F6ABCE902A486F0400ECFE16 /* CustomFieldCell.xib in Resources */,
				111B90B22A975D420046593C /* GoogleService-Info.plist in Resources */,
			);
			runOnlyForDeploymentPostprocessing = 0;
		};
		F6DE8DAC2A45C7BB0026E1E5 /* Resources */ = {
			isa = PBXResourcesBuildPhase;
			buildActionMask = 2147483647;
			files = (
			);
			runOnlyForDeploymentPostprocessing = 0;
		};
		F6DE8DB62A45C7BB0026E1E5 /* Resources */ = {
			isa = PBXResourcesBuildPhase;
			buildActionMask = 2147483647;
			files = (
			);
			runOnlyForDeploymentPostprocessing = 0;
		};
/* End PBXResourcesBuildPhase section */

/* Begin PBXSourcesBuildPhase section */
		F6DE8D942A45C7BA0026E1E5 /* Sources */ = {
			isa = PBXSourcesBuildPhase;
			buildActionMask = 2147483647;
			files = (
				111B90B02A974A7A0046593C /* NotificiationManager.swift in Sources */,
				F6C5ADCD2A6045940058C8AF /* CodeRequest.swift in Sources */,
				F685E71F2A55F7B200C7F457 /* ArchiveMessagesCell.swift in Sources */,
				111B90BA2A9795940046593C /* ChatMessageModelResponse.swift in Sources */,
				11E714272A9895C500B3C6EA /* MessageCell.swift in Sources */,
				111B90B42A976BC60046593C /* UpdatePhoneRequest.swift in Sources */,
				F6800C4C2A4974E7001FB2E5 /* AskQuestionViewController.swift in Sources */,
				F6ABCEA02A48719400ECFE16 /* SettingsHeaderView.swift in Sources */,
				11769E3E2A76B5E3008237D6 /* StateModel.swift in Sources */,
				F6C5ADD82A631DAA0058C8AF /* ServerResponse.swift in Sources */,
				F6ABCEA22A48724200ECFE16 /* SectionModel.swift in Sources */,
				11D303742A77F68600BD7B27 /* NotificationResponseModel.swift in Sources */,
				F685E7122A558BCD00C7F457 /* MessagesModel.swift in Sources */,
				F6CEEE972A53110F00B2E1EE /* SelectionViewController.swift in Sources */,
				F67741792A7168F8001A1D63 /* RightMessagesCell.swift in Sources */,
				F6DE8DA02A45C7BA0026E1E5 /* MainViewController.swift in Sources */,
				F61C2E9B2A7172DB00CC77A2 /* ChatModel.swift in Sources */,
				F61165EC2A976AE500FE5EA2 /* AlertMessageViewController.swift in Sources */,
				111B90B82A9783FF0046593C /* AskQuestionChatViewController.swift in Sources */,
				F6CEEE9E2A53217600B2E1EE /* LanguageModel.swift in Sources */,
				F6ABCE822A46E3DA00ECFE16 /* DrawerMenuViewController.swift in Sources */,
				11769E262A72928A008237D6 /* LocalStorageKey.swift in Sources */,
				F6C5ADDA2A6320700058C8AF /* CodeRequestVerify.swift in Sources */,
				F685E72A2A55FE7400C7F457 /* ArchiveModel.swift in Sources */,
				F659EFD82A600C5B00ECE98A /* StoryboardFabric.swift in Sources */,
				F6ABCE8A2A46E4AC00ECFE16 /* DrawerPresentationController.swift in Sources */,
				F6CEEE9C2A53216400B2E1EE /* TypeModel.swift in Sources */,
				11D303722A77B34300BD7B27 /* TextFieldStateSectionModel.swift in Sources */,
				F65CE1412A497B05003E4E3F /* TextField.swift in Sources */,
				11769E182A7289B6008237D6 /* String+Localization.swift in Sources */,
				11769E402A76B604008237D6 /* StateType.swift in Sources */,
				11B614062A8AB75C00834221 /* SaveTokenRequest.swift in Sources */,
				F6DE8D9C2A45C7BA0026E1E5 /* AppDelegate.swift in Sources */,
				11D303702A77AF2400BD7B27 /* ItemStateable.swift in Sources */,
				F655E2BB2A49C2A100C7C25A /* MenuHeaderView.swift in Sources */,
				11F6FF882A84F58A0050EB2F /* TicketCreateRequest.swift in Sources */,
				111B90B62A976C8C0046593C /* UIViewController+showAlert.swift in Sources */,
				11F6FF8A2A84F6380050EB2F /* TicketType.swift in Sources */,
				F685E7192A55F74E00C7F457 /* ArchiveViewController.swift in Sources */,
				F6ABCE842A46E42800ECFE16 /* DrawerTransitionManager.swift in Sources */,
				F685E7272A55FDD900C7F457 /* ArchiveCellType.swift in Sources */,
				F6E5827D2A45D9720041BD38 /* MessagesViewController.swift in Sources */,
				11B614082A8ABA6E00834221 /* BaseViewController.swift in Sources */,
				F685E72E2A55FF1600C7F457 /* MessageModel.swift in Sources */,
				F655E2BD2A49C36300C7C25A /* MenuCellType.swift in Sources */,
				11769E3C2A76B5D4008237D6 /* SwitcherStateSectionModel.swift in Sources */,
				11769E2B2A729A79008237D6 /* ProfileModelResponse.swift in Sources */,
				F655E2BF2A49C38A00C7C25A /* MenuModel.swift in Sources */,
				F6ABCE962A486F3A00ECFE16 /* CustomFieldCell.swift in Sources */,
				F685E7062A557E0300C7F457 /* MainMessageCell.swift in Sources */,
				F685E6FE2A5576B100C7F457 /* MessageInfoCell.swift in Sources */,
				F659EFE02A60198800ECE98A /* GetCodeView.swift in Sources */,
				F6F71DAD2A4F2CE300BFAED4 /* MenuCell.swift in Sources */,
				F685E7142A559D8500C7F457 /* TextViewMessage.swift in Sources */,
				F6ABCE942A486F2A00ECFE16 /* SwitcherCell.swift in Sources */,
				F67741772A7168EC001A1D63 /* LeftMessagesCell.swift in Sources */,
				F6DE8D9E2A45C7BA0026E1E5 /* SceneDelegate.swift in Sources */,
				F6ABCE872A46E47D00ECFE16 /* DrawerSlideAnimation.swift in Sources */,
				F685E72C2A55FEC000C7F457 /* InformationMessageModel.swift in Sources */,
				F685E7102A558BA700C7F457 /* AlertMessagesModel.swift in Sources */,
				11769E1E2A728F3E008237D6 /* UserManager.swift in Sources */,
				F685E70A2A55899500C7F457 /* MessagesCellType.swift in Sources */,
				11769E1C2A728DE1008237D6 /* CodeVerifyResponse.swift in Sources */,
				F6F71DB32A530FAD00BFAED4 /* SelectionCell.swift in Sources */,
				F6CEEE992A53118900B2E1EE /* SelectionModel.swift in Sources */,
				F6ABCE8C2A48655B00ECFE16 /* SettingsViewController.swift in Sources */,
				11769E242A72927E008237D6 /* SecuredStorage.swift in Sources */,
				F6C5ADCA2A603CD70058C8AF /* NetworkManager.swift in Sources */,
				F685E7232A55FAFB00C7F457 /* InformationMessagesCell.swift in Sources */,
				11B6140A2A8ABA8B00834221 /* NotificationPermissionManager.swift in Sources */,
				111B90BC2A9795A30046593C /* ChatMessageModel.swift in Sources */,
			);
			runOnlyForDeploymentPostprocessing = 0;
		};
		F6DE8DAA2A45C7BB0026E1E5 /* Sources */ = {
			isa = PBXSourcesBuildPhase;
			buildActionMask = 2147483647;
			files = (
				F6DE8DB32A45C7BB0026E1E5 /* EventAppTests.swift in Sources */,
			);
			runOnlyForDeploymentPostprocessing = 0;
		};
		F6DE8DB42A45C7BB0026E1E5 /* Sources */ = {
			isa = PBXSourcesBuildPhase;
			buildActionMask = 2147483647;
			files = (
				F6DE8DBF2A45C7BB0026E1E5 /* EventAppUITestsLaunchTests.swift in Sources */,
				F6DE8DBD2A45C7BB0026E1E5 /* EventAppUITests.swift in Sources */,
			);
			runOnlyForDeploymentPostprocessing = 0;
		};
/* End PBXSourcesBuildPhase section */

/* Begin PBXTargetDependency section */
		F6DE8DB02A45C7BB0026E1E5 /* PBXTargetDependency */ = {
			isa = PBXTargetDependency;
			target = F6DE8D972A45C7BA0026E1E5 /* EventApp */;
			targetProxy = F6DE8DAF2A45C7BB0026E1E5 /* PBXContainerItemProxy */;
		};
		F6DE8DBA2A45C7BB0026E1E5 /* PBXTargetDependency */ = {
			isa = PBXTargetDependency;
			target = F6DE8D972A45C7BA0026E1E5 /* EventApp */;
			targetProxy = F6DE8DB92A45C7BB0026E1E5 /* PBXContainerItemProxy */;
		};
/* End PBXTargetDependency section */

/* Begin PBXVariantGroup section */
		F6C5ADD32A617BBD0058C8AF /* Localizable.strings */ = {
			isa = PBXVariantGroup;
			children = (
				F6C5ADD22A617BBD0058C8AF /* en */,
				F6C5ADD42A617BCD0058C8AF /* ru */,
				F6C5ADD52A617BF30058C8AF /* es */,
				F6C5ADD62A617C0E0058C8AF /* ur */,
			);
			name = Localizable.strings;
			sourceTree = "<group>";
		};
		F6DE8DA12A45C7BA0026E1E5 /* Main.storyboard */ = {
			isa = PBXVariantGroup;
			children = (
				F6DE8DA22A45C7BA0026E1E5 /* Base */,
			);
			name = Main.storyboard;
			sourceTree = "<group>";
		};
		F6DE8DA62A45C7BB0026E1E5 /* LaunchScreen.storyboard */ = {
			isa = PBXVariantGroup;
			children = (
				F6DE8DA72A45C7BB0026E1E5 /* Base */,
			);
			name = LaunchScreen.storyboard;
			sourceTree = "<group>";
		};
/* End PBXVariantGroup section */

/* Begin XCBuildConfiguration section */
		F6DE8DC02A45C7BB0026E1E5 /* Debug */ = {
			isa = XCBuildConfiguration;
			buildSettings = {
				ALWAYS_SEARCH_USER_PATHS = NO;
				CLANG_ANALYZER_LOCALIZABILITY_NONLOCALIZED = YES;
				CLANG_ANALYZER_NONNULL = YES;
				CLANG_ANALYZER_NUMBER_OBJECT_CONVERSION = YES_AGGRESSIVE;
				CLANG_CXX_LANGUAGE_STANDARD = "gnu++20";
				CLANG_ENABLE_MODULES = YES;
				CLANG_ENABLE_OBJC_ARC = YES;
				CLANG_ENABLE_OBJC_WEAK = YES;
				CLANG_WARN_BLOCK_CAPTURE_AUTORELEASING = YES;
				CLANG_WARN_BOOL_CONVERSION = YES;
				CLANG_WARN_COMMA = YES;
				CLANG_WARN_CONSTANT_CONVERSION = YES;
				CLANG_WARN_DEPRECATED_OBJC_IMPLEMENTATIONS = YES;
				CLANG_WARN_DIRECT_OBJC_ISA_USAGE = YES_ERROR;
				CLANG_WARN_DOCUMENTATION_COMMENTS = YES;
				CLANG_WARN_EMPTY_BODY = YES;
				CLANG_WARN_ENUM_CONVERSION = YES;
				CLANG_WARN_INFINITE_RECURSION = YES;
				CLANG_WARN_INT_CONVERSION = YES;
				CLANG_WARN_NON_LITERAL_NULL_CONVERSION = YES;
				CLANG_WARN_OBJC_IMPLICIT_RETAIN_SELF = YES;
				CLANG_WARN_OBJC_LITERAL_CONVERSION = YES;
				CLANG_WARN_OBJC_ROOT_CLASS = YES_ERROR;
				CLANG_WARN_QUOTED_INCLUDE_IN_FRAMEWORK_HEADER = YES;
				CLANG_WARN_RANGE_LOOP_ANALYSIS = YES;
				CLANG_WARN_STRICT_PROTOTYPES = YES;
				CLANG_WARN_SUSPICIOUS_MOVE = YES;
				CLANG_WARN_UNGUARDED_AVAILABILITY = YES_AGGRESSIVE;
				CLANG_WARN_UNREACHABLE_CODE = YES;
				CLANG_WARN__DUPLICATE_METHOD_MATCH = YES;
				COPY_PHASE_STRIP = NO;
				DEBUG_INFORMATION_FORMAT = dwarf;
				ENABLE_STRICT_OBJC_MSGSEND = YES;
				ENABLE_TESTABILITY = YES;
				GCC_C_LANGUAGE_STANDARD = gnu11;
				GCC_DYNAMIC_NO_PIC = NO;
				GCC_NO_COMMON_BLOCKS = YES;
				GCC_OPTIMIZATION_LEVEL = 0;
				GCC_PREPROCESSOR_DEFINITIONS = (
					"DEBUG=1",
					"$(inherited)",
				);
				GCC_WARN_64_TO_32_BIT_CONVERSION = YES;
				GCC_WARN_ABOUT_RETURN_TYPE = YES_ERROR;
				GCC_WARN_UNDECLARED_SELECTOR = YES;
				GCC_WARN_UNINITIALIZED_AUTOS = YES_AGGRESSIVE;
				GCC_WARN_UNUSED_FUNCTION = YES;
				GCC_WARN_UNUSED_VARIABLE = YES;
				IPHONEOS_DEPLOYMENT_TARGET = 16.4;
				MTL_ENABLE_DEBUG_INFO = INCLUDE_SOURCE;
				MTL_FAST_MATH = YES;
				ONLY_ACTIVE_ARCH = YES;
				SDKROOT = iphoneos;
				SWIFT_ACTIVE_COMPILATION_CONDITIONS = DEBUG;
				SWIFT_OPTIMIZATION_LEVEL = "-Onone";
			};
			name = Debug;
		};
		F6DE8DC12A45C7BB0026E1E5 /* Release */ = {
			isa = XCBuildConfiguration;
			buildSettings = {
				ALWAYS_SEARCH_USER_PATHS = NO;
				CLANG_ANALYZER_LOCALIZABILITY_NONLOCALIZED = YES;
				CLANG_ANALYZER_NONNULL = YES;
				CLANG_ANALYZER_NUMBER_OBJECT_CONVERSION = YES_AGGRESSIVE;
				CLANG_CXX_LANGUAGE_STANDARD = "gnu++20";
				CLANG_ENABLE_MODULES = YES;
				CLANG_ENABLE_OBJC_ARC = YES;
				CLANG_ENABLE_OBJC_WEAK = YES;
				CLANG_WARN_BLOCK_CAPTURE_AUTORELEASING = YES;
				CLANG_WARN_BOOL_CONVERSION = YES;
				CLANG_WARN_COMMA = YES;
				CLANG_WARN_CONSTANT_CONVERSION = YES;
				CLANG_WARN_DEPRECATED_OBJC_IMPLEMENTATIONS = YES;
				CLANG_WARN_DIRECT_OBJC_ISA_USAGE = YES_ERROR;
				CLANG_WARN_DOCUMENTATION_COMMENTS = YES;
				CLANG_WARN_EMPTY_BODY = YES;
				CLANG_WARN_ENUM_CONVERSION = YES;
				CLANG_WARN_INFINITE_RECURSION = YES;
				CLANG_WARN_INT_CONVERSION = YES;
				CLANG_WARN_NON_LITERAL_NULL_CONVERSION = YES;
				CLANG_WARN_OBJC_IMPLICIT_RETAIN_SELF = YES;
				CLANG_WARN_OBJC_LITERAL_CONVERSION = YES;
				CLANG_WARN_OBJC_ROOT_CLASS = YES_ERROR;
				CLANG_WARN_QUOTED_INCLUDE_IN_FRAMEWORK_HEADER = YES;
				CLANG_WARN_RANGE_LOOP_ANALYSIS = YES;
				CLANG_WARN_STRICT_PROTOTYPES = YES;
				CLANG_WARN_SUSPICIOUS_MOVE = YES;
				CLANG_WARN_UNGUARDED_AVAILABILITY = YES_AGGRESSIVE;
				CLANG_WARN_UNREACHABLE_CODE = YES;
				CLANG_WARN__DUPLICATE_METHOD_MATCH = YES;
				COPY_PHASE_STRIP = NO;
				DEBUG_INFORMATION_FORMAT = "dwarf-with-dsym";
				ENABLE_NS_ASSERTIONS = NO;
				ENABLE_STRICT_OBJC_MSGSEND = YES;
				GCC_C_LANGUAGE_STANDARD = gnu11;
				GCC_NO_COMMON_BLOCKS = YES;
				GCC_WARN_64_TO_32_BIT_CONVERSION = YES;
				GCC_WARN_ABOUT_RETURN_TYPE = YES_ERROR;
				GCC_WARN_UNDECLARED_SELECTOR = YES;
				GCC_WARN_UNINITIALIZED_AUTOS = YES_AGGRESSIVE;
				GCC_WARN_UNUSED_FUNCTION = YES;
				GCC_WARN_UNUSED_VARIABLE = YES;
				IPHONEOS_DEPLOYMENT_TARGET = 16.4;
				MTL_ENABLE_DEBUG_INFO = NO;
				MTL_FAST_MATH = YES;
				SDKROOT = iphoneos;
				SWIFT_COMPILATION_MODE = wholemodule;
				SWIFT_OPTIMIZATION_LEVEL = "-O";
				VALIDATE_PRODUCT = YES;
			};
			name = Release;
		};
		F6DE8DC32A45C7BB0026E1E5 /* Debug */ = {
			isa = XCBuildConfiguration;
			buildSettings = {
				ASSETCATALOG_COMPILER_APPICON_NAME = AppIcon;
				ASSETCATALOG_COMPILER_GLOBAL_ACCENT_COLOR_NAME = AccentColor;
				CODE_SIGN_ENTITLEMENTS = EventApp/EventApp.entitlements;
				CODE_SIGN_IDENTITY = "Apple Development";
				"CODE_SIGN_IDENTITY[sdk=iphoneos*]" = "iPhone Developer";
				CODE_SIGN_STYLE = Manual;
				CURRENT_PROJECT_VERSION = 5;
				DEVELOPMENT_TEAM = "";
				"DEVELOPMENT_TEAM[sdk=iphoneos*]" = Q2MGN75352;
				GENERATE_INFOPLIST_FILE = YES;
				INFOPLIST_FILE = EventApp/Info.plist;
				INFOPLIST_KEY_CFBundleDisplayName = "";
				INFOPLIST_KEY_LSApplicationCategoryType = "";
				INFOPLIST_KEY_UIApplicationSupportsIndirectInputEvents = YES;
				INFOPLIST_KEY_UILaunchStoryboardName = LaunchScreen;
				INFOPLIST_KEY_UIMainStoryboardFile = Main;
				INFOPLIST_KEY_UISupportedInterfaceOrientations_iPad = "UIInterfaceOrientationPortrait UIInterfaceOrientationPortraitUpsideDown UIInterfaceOrientationLandscapeLeft UIInterfaceOrientationLandscapeRight";
				INFOPLIST_KEY_UISupportedInterfaceOrientations_iPhone = "UIInterfaceOrientationPortrait UIInterfaceOrientationLandscapeLeft UIInterfaceOrientationLandscapeRight";
				INFOPLIST_KEY_UIUserInterfaceStyle = Light;
				IPHONEOS_DEPLOYMENT_TARGET = 16.0;
				LD_RUNPATH_SEARCH_PATHS = (
					"$(inherited)",
					"@executable_path/Frameworks",
				);
				MARKETING_VERSION = 1.0;
				PRODUCT_BUNDLE_IDENTIFIER = com.eventApp.oleg;
				PRODUCT_NAME = "$(TARGET_NAME)";
				PROVISIONING_PROFILE_SPECIFIER = "";
				"PROVISIONING_PROFILE_SPECIFIER[sdk=iphoneos*]" = "Kyrylo Chernov dev";
				SWIFT_EMIT_LOC_STRINGS = YES;
				SWIFT_VERSION = 5.0;
				TARGETED_DEVICE_FAMILY = "1,2";
			};
			name = Debug;
		};
		F6DE8DC42A45C7BB0026E1E5 /* Release */ = {
			isa = XCBuildConfiguration;
			buildSettings = {
				ASSETCATALOG_COMPILER_APPICON_NAME = AppIcon;
				ASSETCATALOG_COMPILER_GLOBAL_ACCENT_COLOR_NAME = AccentColor;
				CODE_SIGN_ENTITLEMENTS = EventApp/EventApp.entitlements;
				CODE_SIGN_IDENTITY = "Apple Development";
				"CODE_SIGN_IDENTITY[sdk=iphoneos*]" = "iPhone Developer";
				CODE_SIGN_STYLE = Manual;
				CURRENT_PROJECT_VERSION = 5;
				DEVELOPMENT_TEAM = "";
				"DEVELOPMENT_TEAM[sdk=iphoneos*]" = Q2MGN75352;
				GENERATE_INFOPLIST_FILE = YES;
				INFOPLIST_FILE = EventApp/Info.plist;
				INFOPLIST_KEY_CFBundleDisplayName = "";
				INFOPLIST_KEY_LSApplicationCategoryType = "";
				INFOPLIST_KEY_UIApplicationSupportsIndirectInputEvents = YES;
				INFOPLIST_KEY_UILaunchStoryboardName = LaunchScreen;
				INFOPLIST_KEY_UIMainStoryboardFile = Main;
				INFOPLIST_KEY_UISupportedInterfaceOrientations_iPad = "UIInterfaceOrientationPortrait UIInterfaceOrientationPortraitUpsideDown UIInterfaceOrientationLandscapeLeft UIInterfaceOrientationLandscapeRight";
				INFOPLIST_KEY_UISupportedInterfaceOrientations_iPhone = "UIInterfaceOrientationPortrait UIInterfaceOrientationLandscapeLeft UIInterfaceOrientationLandscapeRight";
				INFOPLIST_KEY_UIUserInterfaceStyle = Light;
				IPHONEOS_DEPLOYMENT_TARGET = 16.0;
				LD_RUNPATH_SEARCH_PATHS = (
					"$(inherited)",
					"@executable_path/Frameworks",
				);
				MARKETING_VERSION = 1.0;
				PRODUCT_BUNDLE_IDENTIFIER = com.eventApp.oleg;
				PRODUCT_NAME = "$(TARGET_NAME)";
				PROVISIONING_PROFILE_SPECIFIER = "";
				"PROVISIONING_PROFILE_SPECIFIER[sdk=iphoneos*]" = "Kyrylo Chernov dev";
				SWIFT_EMIT_LOC_STRINGS = YES;
				SWIFT_VERSION = 5.0;
				TARGETED_DEVICE_FAMILY = "1,2";
			};
			name = Release;
		};
		F6DE8DC62A45C7BB0026E1E5 /* Debug */ = {
			isa = XCBuildConfiguration;
			buildSettings = {
				ALWAYS_EMBED_SWIFT_STANDARD_LIBRARIES = YES;
				BUNDLE_LOADER = "$(TEST_HOST)";
				CODE_SIGN_STYLE = Automatic;
				CURRENT_PROJECT_VERSION = 1;
				DEVELOPMENT_TEAM = 6NNWR2JHQ8;
				GENERATE_INFOPLIST_FILE = YES;
				IPHONEOS_DEPLOYMENT_TARGET = 16.4;
				MARKETING_VERSION = 1.0;
				PRODUCT_BUNDLE_IDENTIFIER = w.EventAppTests;
				PRODUCT_NAME = "$(TARGET_NAME)";
				SWIFT_EMIT_LOC_STRINGS = NO;
				SWIFT_VERSION = 5.0;
				TARGETED_DEVICE_FAMILY = "1,2";
				TEST_HOST = "$(BUILT_PRODUCTS_DIR)/EventApp.app/$(BUNDLE_EXECUTABLE_FOLDER_PATH)/EventApp";
			};
			name = Debug;
		};
		F6DE8DC72A45C7BB0026E1E5 /* Release */ = {
			isa = XCBuildConfiguration;
			buildSettings = {
				ALWAYS_EMBED_SWIFT_STANDARD_LIBRARIES = YES;
				BUNDLE_LOADER = "$(TEST_HOST)";
				CODE_SIGN_STYLE = Automatic;
				CURRENT_PROJECT_VERSION = 1;
				DEVELOPMENT_TEAM = 6NNWR2JHQ8;
				GENERATE_INFOPLIST_FILE = YES;
				IPHONEOS_DEPLOYMENT_TARGET = 16.4;
				MARKETING_VERSION = 1.0;
				PRODUCT_BUNDLE_IDENTIFIER = w.EventAppTests;
				PRODUCT_NAME = "$(TARGET_NAME)";
				SWIFT_EMIT_LOC_STRINGS = NO;
				SWIFT_VERSION = 5.0;
				TARGETED_DEVICE_FAMILY = "1,2";
				TEST_HOST = "$(BUILT_PRODUCTS_DIR)/EventApp.app/$(BUNDLE_EXECUTABLE_FOLDER_PATH)/EventApp";
			};
			name = Release;
		};
		F6DE8DC92A45C7BB0026E1E5 /* Debug */ = {
			isa = XCBuildConfiguration;
			buildSettings = {
				ALWAYS_EMBED_SWIFT_STANDARD_LIBRARIES = YES;
				CODE_SIGN_STYLE = Automatic;
				CURRENT_PROJECT_VERSION = 1;
				DEVELOPMENT_TEAM = 6NNWR2JHQ8;
				GENERATE_INFOPLIST_FILE = YES;
				MARKETING_VERSION = 1.0;
				PRODUCT_BUNDLE_IDENTIFIER = w.EventAppUITests;
				PRODUCT_NAME = "$(TARGET_NAME)";
				SWIFT_EMIT_LOC_STRINGS = NO;
				SWIFT_VERSION = 5.0;
				TARGETED_DEVICE_FAMILY = "1,2";
				TEST_TARGET_NAME = EventApp;
			};
			name = Debug;
		};
		F6DE8DCA2A45C7BB0026E1E5 /* Release */ = {
			isa = XCBuildConfiguration;
			buildSettings = {
				ALWAYS_EMBED_SWIFT_STANDARD_LIBRARIES = YES;
				CODE_SIGN_STYLE = Automatic;
				CURRENT_PROJECT_VERSION = 1;
				DEVELOPMENT_TEAM = 6NNWR2JHQ8;
				GENERATE_INFOPLIST_FILE = YES;
				MARKETING_VERSION = 1.0;
				PRODUCT_BUNDLE_IDENTIFIER = w.EventAppUITests;
				PRODUCT_NAME = "$(TARGET_NAME)";
				SWIFT_EMIT_LOC_STRINGS = NO;
				SWIFT_VERSION = 5.0;
				TARGETED_DEVICE_FAMILY = "1,2";
				TEST_TARGET_NAME = EventApp;
			};
			name = Release;
		};
/* End XCBuildConfiguration section */

/* Begin XCConfigurationList section */
		F6DE8D932A45C7BA0026E1E5 /* Build configuration list for PBXProject "EventApp" */ = {
			isa = XCConfigurationList;
			buildConfigurations = (
				F6DE8DC02A45C7BB0026E1E5 /* Debug */,
				F6DE8DC12A45C7BB0026E1E5 /* Release */,
			);
			defaultConfigurationIsVisible = 0;
			defaultConfigurationName = Release;
		};
		F6DE8DC22A45C7BB0026E1E5 /* Build configuration list for PBXNativeTarget "EventApp" */ = {
			isa = XCConfigurationList;
			buildConfigurations = (
				F6DE8DC32A45C7BB0026E1E5 /* Debug */,
				F6DE8DC42A45C7BB0026E1E5 /* Release */,
			);
			defaultConfigurationIsVisible = 0;
			defaultConfigurationName = Release;
		};
		F6DE8DC52A45C7BB0026E1E5 /* Build configuration list for PBXNativeTarget "EventAppTests" */ = {
			isa = XCConfigurationList;
			buildConfigurations = (
				F6DE8DC62A45C7BB0026E1E5 /* Debug */,
				F6DE8DC72A45C7BB0026E1E5 /* Release */,
			);
			defaultConfigurationIsVisible = 0;
			defaultConfigurationName = Release;
		};
		F6DE8DC82A45C7BB0026E1E5 /* Build configuration list for PBXNativeTarget "EventAppUITests" */ = {
			isa = XCConfigurationList;
			buildConfigurations = (
				F6DE8DC92A45C7BB0026E1E5 /* Debug */,
				F6DE8DCA2A45C7BB0026E1E5 /* Release */,
			);
			defaultConfigurationIsVisible = 0;
			defaultConfigurationName = Release;
		};
/* End XCConfigurationList section */

/* Begin XCRemoteSwiftPackageReference section */
		11769E1F2A72900C008237D6 /* XCRemoteSwiftPackageReference "keychain-swift" */ = {
			isa = XCRemoteSwiftPackageReference;
			repositoryURL = "https://github.com/evgenyneu/keychain-swift.git";
			requirement = {
				kind = upToNextMajorVersion;
				minimumVersion = 20.0.0;
			};
		};
		11769E272A72979A008237D6 /* XCRemoteSwiftPackageReference "Swinject" */ = {
			isa = XCRemoteSwiftPackageReference;
			repositoryURL = "https://github.com/Swinject/Swinject.git";
			requirement = {
				kind = upToNextMajorVersion;
				minimumVersion = 2.0.0;
			};
		};
		11B6140B2A8B5A7300834221 /* XCRemoteSwiftPackageReference "firebase-ios-sdk" */ = {
			isa = XCRemoteSwiftPackageReference;
			repositoryURL = "https://github.com/firebase/firebase-ios-sdk.git";
			requirement = {
				kind = upToNextMajorVersion;
				minimumVersion = 10.0.0;
			};
		};
		F614B9252A668C89000289E3 /* XCRemoteSwiftPackageReference "IQKeyboardManager" */ = {
			isa = XCRemoteSwiftPackageReference;
			repositoryURL = "https://github.com/hackiftekhar/IQKeyboardManager.git";
			requirement = {
				kind = upToNextMajorVersion;
				minimumVersion = 6.0.0;
			};
		};
		F659EFCA2A5FFE0C00ECE98A /* XCRemoteSwiftPackageReference "IHProgressHUD" */ = {
			isa = XCRemoteSwiftPackageReference;
			repositoryURL = "https://github.com/Swiftify-Corp/IHProgressHUD.git";
			requirement = {
				kind = upToNextMajorVersion;
				minimumVersion = 0.1.8;
			};
		};
		F659EFDC2A60186400ECE98A /* XCRemoteSwiftPackageReference "SGCodeTextField" */ = {
			isa = XCRemoteSwiftPackageReference;
			repositoryURL = "https://github.com/grigorievs/SGCodeTextField.git";
			requirement = {
				kind = upToNextMajorVersion;
				minimumVersion = 0.1.4;
			};
		};
		F659EFE42A601CEB00ECE98A /* XCRemoteSwiftPackageReference "SwiftEntryKit" */ = {
			isa = XCRemoteSwiftPackageReference;
			repositoryURL = "https://github.com/huri000/SwiftEntryKit.git";
			requirement = {
				kind = upToNextMajorVersion;
				minimumVersion = 2.0.0;
			};
		};
/* End XCRemoteSwiftPackageReference section */

/* Begin XCSwiftPackageProductDependency section */
		11769E202A72900C008237D6 /* KeychainSwift */ = {
			isa = XCSwiftPackageProductDependency;
			package = 11769E1F2A72900C008237D6 /* XCRemoteSwiftPackageReference "keychain-swift" */;
			productName = KeychainSwift;
		};
		11769E282A72979A008237D6 /* Swinject */ = {
			isa = XCSwiftPackageProductDependency;
			package = 11769E272A72979A008237D6 /* XCRemoteSwiftPackageReference "Swinject" */;
			productName = Swinject;
		};
		11B6140C2A8B5A7300834221 /* FirebaseMessaging */ = {
			isa = XCSwiftPackageProductDependency;
			package = 11B6140B2A8B5A7300834221 /* XCRemoteSwiftPackageReference "firebase-ios-sdk" */;
			productName = FirebaseMessaging;
		};
		F614B9262A668C89000289E3 /* IQKeyboardManagerSwift */ = {
			isa = XCSwiftPackageProductDependency;
			package = F614B9252A668C89000289E3 /* XCRemoteSwiftPackageReference "IQKeyboardManager" */;
			productName = IQKeyboardManagerSwift;
		};
		F659EFCB2A5FFE0C00ECE98A /* IHProgressHUD */ = {
			isa = XCSwiftPackageProductDependency;
			package = F659EFCA2A5FFE0C00ECE98A /* XCRemoteSwiftPackageReference "IHProgressHUD" */;
			productName = IHProgressHUD;
		};
		F659EFDD2A60186400ECE98A /* SGCodeTextField */ = {
			isa = XCSwiftPackageProductDependency;
			package = F659EFDC2A60186400ECE98A /* XCRemoteSwiftPackageReference "SGCodeTextField" */;
			productName = SGCodeTextField;
		};
		F659EFE52A601CEB00ECE98A /* SwiftEntryKit */ = {
			isa = XCSwiftPackageProductDependency;
			package = F659EFE42A601CEB00ECE98A /* XCRemoteSwiftPackageReference "SwiftEntryKit" */;
			productName = SwiftEntryKit;
		};
/* End XCSwiftPackageProductDependency section */
	};
	rootObject = F6DE8D902A45C7BA0026E1E5 /* Project object */;
}
